
Microsoft Visual Studio Solution File, Format Version 12.00
# Visual Studio Version 17
VisualStudioVersion = 17.1.31903.286
MinimumVisualStudioVersion = 10.0.40219.1
Project("{9A19103F-16F7-4668-BE54-9A1E7A4F7556}") = "BladeResonanceTest", "BladeResonanceTest\BladeResonanceTest.csproj", "{D3BB3455-20EA-46C2-A380-845CCE1FD124}"
EndProject
Project("{FAE04EC0-301F-11D3-BF4B-00C04F79EFBC}") = "BanqueTest", "BanqueTest\BanqueTest.csproj", "{CA6634B3-822B-4E27-BDA6-CA6A7F006DDB}"
EndProject
Project("{FAE04EC0-301F-11D3-BF4B-00C04F79EFBC}") = "TestWPF", "TestWPF\TestWPF.csproj", "{2FA65796-7C03-40FB-9F9C-93579DBF404C}"
EndProject
Global
	GlobalSection(SolutionConfigurationPlatforms) = preSolution
		Debug|Any CPU = Debug|Any CPU
		Release|Any CPU = Release|Any CPU
	EndGlobalSection
	GlobalSection(ProjectConfigurationPlatforms) = postSolution
		{D3BB3455-20EA-46C2-A380-845CCE1FD124}.Debug|Any CPU.ActiveCfg = Debug|Any CPU
		{D3BB3455-20EA-46C2-A380-845CCE1FD124}.Debug|Any CPU.Build.0 = Debug|Any CPU
		{D3BB3455-20EA-46C2-A380-845CCE1FD124}.Release|Any CPU.ActiveCfg = Release|Any CPU
		{D3BB3455-20EA-46C2-A380-845CCE1FD124}.Release|Any CPU.Build.0 = Release|Any CPU
		{CA6634B3-822B-4E27-BDA6-CA6A7F006DDB}.Debug|Any CPU.ActiveCfg = Debug|Any CPU
		{CA6634B3-822B-4E27-BDA6-CA6A7F006DDB}.Debug|Any CPU.Build.0 = Debug|Any CPU
		{CA6634B3-822B-4E27-BDA6-CA6A7F006DDB}.Release|Any CPU.ActiveCfg = Release|Any CPU
		{CA6634B3-822B-4E27-BDA6-CA6A7F006DDB}.Release|Any CPU.Build.0 = Release|Any CPU
		{2FA65796-7C03-40FB-9F9C-93579DBF404C}.Debug|Any CPU.ActiveCfg = Debug|Any CPU
		{2FA65796-7C03-40FB-9F9C-93579DBF404C}.Debug|Any CPU.Build.0 = Debug|Any CPU
		{2FA65796-7C03-40FB-9F9C-93579DBF404C}.Release|Any CPU.ActiveCfg = Release|Any CPU
		{2FA65796-7C03-40FB-9F9C-93579DBF404C}.Release|Any CPU.Build.0 = Release|Any CPU
	EndGlobalSection
	GlobalSection(SolutionProperties) = preSolution
		HideSolutionNode = FALSE
	EndGlobalSection
	GlobalSection(ExtensibilityGlobals) = postSolution
		SolutionGuid = {22CEFC87-3A06-41FE-B774-B76925011C83}
	EndGlobalSection
EndGlobal
