
Microsoft Visual Studio Solution File, Format Version 12.00
# Visual Studio Version 17
VisualStudioVersion = 17.1.31903.286
MinimumVisualStudioVersion = 10.0.40219.1
Project("{9A19103F-16F7-4668-BE54-9A1E7A4F7556}") = "Exercice01", "Exercice01\Exercice01.csproj", "{D074843E-CBE4-4DB5-8EF8-BB0EDBF7C1A1}"
EndProject
Project("{9A19103F-16F7-4668-BE54-9A1E7A4F7556}") = "Exercice02", "Exercice02\Exercice02.csproj", "{E8DD653A-6B81-40F8-A4CB-CCA71D5ADD7D}"
EndProject
Project("{9A19103F-16F7-4668-BE54-9A1E7A4F7556}") = "Exercice03", "Exercice03\Exercice03.csproj", "{A36B671B-3245-4201-BEC5-E699FD5E49F2}"
EndProject
Project("{9A19103F-16F7-4668-BE54-9A1E7A4F7556}") = "Exercice04", "Exercice04\Exercice04.csproj", "{F85E538D-BE21-46E3-8F46-16507C2DA602}"
EndProject
Project("{9A19103F-16F7-4668-BE54-9A1E7A4F7556}") = "Exercice05", "Exercice05\Exercice05.csproj", "{0DF12A03-2332-475A-B263-0AA63F5C612A}"
EndProject
Project("{9A19103F-16F7-4668-BE54-9A1E7A4F7556}") = "Exercice06", "Exercice06\Exercice06.csproj", "{535BB9E5-6709-463B-BE1C-E963F03767DE}"
EndProject
Project("{9A19103F-16F7-4668-BE54-9A1E7A4F7556}") = "Exercice07", "Exercice07\Exercice07.csproj", "{73E55D0B-021B-440E-B9EC-118031510CE5}"
EndProject
Project("{9A19103F-16F7-4668-BE54-9A1E7A4F7556}") = "Exercice08", "Exercice08\Exercice08.csproj", "{7AFA2763-5E8E-4077-9B10-B1A7A8175708}"
EndProject
Project("{9A19103F-16F7-4668-BE54-9A1E7A4F7556}") = "Exercice09", "Exercice09\Exercice09.csproj", "{F25E47E3-C3C9-467C-964F-5C28E74767AB}"
EndProject
Project("{9A19103F-16F7-4668-BE54-9A1E7A4F7556}") = "Exercice10", "Exercice10\Exercice10.csproj", "{D439918C-4DAA-43C4-9CC5-B04450FB5E9F}"
EndProject
Project("{9A19103F-16F7-4668-BE54-9A1E7A4F7556}") = "Exercice11", "Exercice11\Exercice11.csproj", "{95B45B91-8AA5-4046-8E0F-F6E9314E01DD}"
EndProject
Project("{9A19103F-16F7-4668-BE54-9A1E7A4F7556}") = "Exercice12", "Exercice12\Exercice12.csproj", "{FF132B40-FF48-4ED3-9D3C-D7F7800EB297}"
EndProject
Project("{9A19103F-16F7-4668-BE54-9A1E7A4F7556}") = "Exercice13", "Exercice13\Exercice13.csproj", "{21195B28-26BF-4263-A535-65C96F8E3CD5}"
EndProject
Project("{9A19103F-16F7-4668-BE54-9A1E7A4F7556}") = "Exercice14", "Exercice14\Exercice14.csproj", "{800C75EF-B587-4051-A084-D3BBCCCAFECF}"
EndProject
Project("{9A19103F-16F7-4668-BE54-9A1E7A4F7556}") = "Exercice15", "Exercice15\Exercice15.csproj", "{95855D01-217D-4CC9-A912-8F6771BF5431}"
EndProject
Project("{9A19103F-16F7-4668-BE54-9A1E7A4F7556}") = "Exercice16", "Exercice16\Exercice16.csproj", "{7F1E2CCB-506F-453B-94E2-099CDFDA4DF8}"
EndProject
Project("{FAE04EC0-301F-11D3-BF4B-00C04F79EFBC}") = "Exercice17", "Exercice17\Exercice17.csproj", "{C407C392-C63C-40AB-BC96-8BEEE959BD0C}"
EndProject
Project("{FAE04EC0-301F-11D3-BF4B-00C04F79EFBC}") = "Exercice18", "Exercice18\Exercice18.csproj", "{1AB8D45E-62FA-4001-B215-C6F6E561AADF}"
EndProject
Project("{FAE04EC0-301F-11D3-BF4B-00C04F79EFBC}") = "Exercice19", "Exercice19\Exercice19.csproj", "{8A0ED0F9-606E-4C6E-A27D-FB469E854EE7}"
EndProject
Project("{FAE04EC0-301F-11D3-BF4B-00C04F79EFBC}") = "Exercice20", "Exercice20\Exercice20.csproj", "{030A8375-16FC-4381-84D0-94D8E06C944C}"
EndProject
Project("{FAE04EC0-301F-11D3-BF4B-00C04F79EFBC}") = "Exercice21", "Exercice21\Exercice21.csproj", "{24511959-C6A9-42E9-A427-9E7B41F3C832}"
EndProject
Project("{FAE04EC0-301F-11D3-BF4B-00C04F79EFBC}") = "Exercice22", "Exercice22\Exercice22.csproj", "{BDA94AE6-E13E-4C68-86EA-7C3B31D6E474}"
EndProject
Project("{FAE04EC0-301F-11D3-BF4B-00C04F79EFBC}") = "Exercice23", "Exercice23\Exercice23.csproj", "{1A8C84C6-88A8-4858-82EA-0C1EE26C0378}"
EndProject
Project("{FAE04EC0-301F-11D3-BF4B-00C04F79EFBC}") = "Exercice24", "Exercice24\Exercice24.csproj", "{91C4DAF1-665A-4D38-814B-317CCDFEF2C2}"
EndProject
Project("{FAE04EC0-301F-11D3-BF4B-00C04F79EFBC}") = "Exercice25", "Exercice25\Exercice25.csproj", "{7505DE15-3927-4489-99D6-6A2BF1DB688B}"
EndProject
Global
	GlobalSection(SolutionConfigurationPlatforms) = preSolution
		Debug|Any CPU = Debug|Any CPU
		Release|Any CPU = Release|Any CPU
	EndGlobalSection
	GlobalSection(ProjectConfigurationPlatforms) = postSolution
		{D074843E-CBE4-4DB5-8EF8-BB0EDBF7C1A1}.Debug|Any CPU.ActiveCfg = Debug|Any CPU
		{D074843E-CBE4-4DB5-8EF8-BB0EDBF7C1A1}.Debug|Any CPU.Build.0 = Debug|Any CPU
		{D074843E-CBE4-4DB5-8EF8-BB0EDBF7C1A1}.Release|Any CPU.ActiveCfg = Release|Any CPU
		{D074843E-CBE4-4DB5-8EF8-BB0EDBF7C1A1}.Release|Any CPU.Build.0 = Release|Any CPU
		{E8DD653A-6B81-40F8-A4CB-CCA71D5ADD7D}.Debug|Any CPU.ActiveCfg = Debug|Any CPU
		{E8DD653A-6B81-40F8-A4CB-CCA71D5ADD7D}.Debug|Any CPU.Build.0 = Debug|Any CPU
		{E8DD653A-6B81-40F8-A4CB-CCA71D5ADD7D}.Release|Any CPU.ActiveCfg = Release|Any CPU
		{E8DD653A-6B81-40F8-A4CB-CCA71D5ADD7D}.Release|Any CPU.Build.0 = Release|Any CPU
		{A36B671B-3245-4201-BEC5-E699FD5E49F2}.Debug|Any CPU.ActiveCfg = Debug|Any CPU
		{A36B671B-3245-4201-BEC5-E699FD5E49F2}.Debug|Any CPU.Build.0 = Debug|Any CPU
		{A36B671B-3245-4201-BEC5-E699FD5E49F2}.Release|Any CPU.ActiveCfg = Release|Any CPU
		{A36B671B-3245-4201-BEC5-E699FD5E49F2}.Release|Any CPU.Build.0 = Release|Any CPU
		{F85E538D-BE21-46E3-8F46-16507C2DA602}.Debug|Any CPU.ActiveCfg = Debug|Any CPU
		{F85E538D-BE21-46E3-8F46-16507C2DA602}.Debug|Any CPU.Build.0 = Debug|Any CPU
		{F85E538D-BE21-46E3-8F46-16507C2DA602}.Release|Any CPU.ActiveCfg = Release|Any CPU
		{F85E538D-BE21-46E3-8F46-16507C2DA602}.Release|Any CPU.Build.0 = Release|Any CPU
		{0DF12A03-2332-475A-B263-0AA63F5C612A}.Debug|Any CPU.ActiveCfg = Debug|Any CPU
		{0DF12A03-2332-475A-B263-0AA63F5C612A}.Debug|Any CPU.Build.0 = Debug|Any CPU
		{0DF12A03-2332-475A-B263-0AA63F5C612A}.Release|Any CPU.ActiveCfg = Release|Any CPU
		{0DF12A03-2332-475A-B263-0AA63F5C612A}.Release|Any CPU.Build.0 = Release|Any CPU
		{535BB9E5-6709-463B-BE1C-E963F03767DE}.Debug|Any CPU.ActiveCfg = Debug|Any CPU
		{535BB9E5-6709-463B-BE1C-E963F03767DE}.Debug|Any CPU.Build.0 = Debug|Any CPU
		{535BB9E5-6709-463B-BE1C-E963F03767DE}.Release|Any CPU.ActiveCfg = Release|Any CPU
		{535BB9E5-6709-463B-BE1C-E963F03767DE}.Release|Any CPU.Build.0 = Release|Any CPU
		{73E55D0B-021B-440E-B9EC-118031510CE5}.Debug|Any CPU.ActiveCfg = Debug|Any CPU
		{73E55D0B-021B-440E-B9EC-118031510CE5}.Debug|Any CPU.Build.0 = Debug|Any CPU
		{73E55D0B-021B-440E-B9EC-118031510CE5}.Release|Any CPU.ActiveCfg = Release|Any CPU
		{73E55D0B-021B-440E-B9EC-118031510CE5}.Release|Any CPU.Build.0 = Release|Any CPU
		{7AFA2763-5E8E-4077-9B10-B1A7A8175708}.Debug|Any CPU.ActiveCfg = Debug|Any CPU
		{7AFA2763-5E8E-4077-9B10-B1A7A8175708}.Debug|Any CPU.Build.0 = Debug|Any CPU
		{7AFA2763-5E8E-4077-9B10-B1A7A8175708}.Release|Any CPU.ActiveCfg = Release|Any CPU
		{7AFA2763-5E8E-4077-9B10-B1A7A8175708}.Release|Any CPU.Build.0 = Release|Any CPU
		{F25E47E3-C3C9-467C-964F-5C28E74767AB}.Debug|Any CPU.ActiveCfg = Debug|Any CPU
		{F25E47E3-C3C9-467C-964F-5C28E74767AB}.Debug|Any CPU.Build.0 = Debug|Any CPU
		{F25E47E3-C3C9-467C-964F-5C28E74767AB}.Release|Any CPU.ActiveCfg = Release|Any CPU
		{F25E47E3-C3C9-467C-964F-5C28E74767AB}.Release|Any CPU.Build.0 = Release|Any CPU
		{D439918C-4DAA-43C4-9CC5-B04450FB5E9F}.Debug|Any CPU.ActiveCfg = Debug|Any CPU
		{D439918C-4DAA-43C4-9CC5-B04450FB5E9F}.Debug|Any CPU.Build.0 = Debug|Any CPU
		{D439918C-4DAA-43C4-9CC5-B04450FB5E9F}.Release|Any CPU.ActiveCfg = Release|Any CPU
		{D439918C-4DAA-43C4-9CC5-B04450FB5E9F}.Release|Any CPU.Build.0 = Release|Any CPU
		{95B45B91-8AA5-4046-8E0F-F6E9314E01DD}.Debug|Any CPU.ActiveCfg = Debug|Any CPU
		{95B45B91-8AA5-4046-8E0F-F6E9314E01DD}.Debug|Any CPU.Build.0 = Debug|Any CPU
		{95B45B91-8AA5-4046-8E0F-F6E9314E01DD}.Release|Any CPU.ActiveCfg = Release|Any CPU
		{95B45B91-8AA5-4046-8E0F-F6E9314E01DD}.Release|Any CPU.Build.0 = Release|Any CPU
		{FF132B40-FF48-4ED3-9D3C-D7F7800EB297}.Debug|Any CPU.ActiveCfg = Debug|Any CPU
		{FF132B40-FF48-4ED3-9D3C-D7F7800EB297}.Debug|Any CPU.Build.0 = Debug|Any CPU
		{FF132B40-FF48-4ED3-9D3C-D7F7800EB297}.Release|Any CPU.ActiveCfg = Release|Any CPU
		{FF132B40-FF48-4ED3-9D3C-D7F7800EB297}.Release|Any CPU.Build.0 = Release|Any CPU
		{21195B28-26BF-4263-A535-65C96F8E3CD5}.Debug|Any CPU.ActiveCfg = Debug|Any CPU
		{21195B28-26BF-4263-A535-65C96F8E3CD5}.Debug|Any CPU.Build.0 = Debug|Any CPU
		{21195B28-26BF-4263-A535-65C96F8E3CD5}.Release|Any CPU.ActiveCfg = Release|Any CPU
		{21195B28-26BF-4263-A535-65C96F8E3CD5}.Release|Any CPU.Build.0 = Release|Any CPU
		{800C75EF-B587-4051-A084-D3BBCCCAFECF}.Debug|Any CPU.ActiveCfg = Debug|Any CPU
		{800C75EF-B587-4051-A084-D3BBCCCAFECF}.Debug|Any CPU.Build.0 = Debug|Any CPU
		{800C75EF-B587-4051-A084-D3BBCCCAFECF}.Release|Any CPU.ActiveCfg = Release|Any CPU
		{800C75EF-B587-4051-A084-D3BBCCCAFECF}.Release|Any CPU.Build.0 = Release|Any CPU
		{95855D01-217D-4CC9-A912-8F6771BF5431}.Debug|Any CPU.ActiveCfg = Debug|Any CPU
		{95855D01-217D-4CC9-A912-8F6771BF5431}.Debug|Any CPU.Build.0 = Debug|Any CPU
		{95855D01-217D-4CC9-A912-8F6771BF5431}.Release|Any CPU.ActiveCfg = Release|Any CPU
		{95855D01-217D-4CC9-A912-8F6771BF5431}.Release|Any CPU.Build.0 = Release|Any CPU
		{7F1E2CCB-506F-453B-94E2-099CDFDA4DF8}.Debug|Any CPU.ActiveCfg = Debug|Any CPU
		{7F1E2CCB-506F-453B-94E2-099CDFDA4DF8}.Debug|Any CPU.Build.0 = Debug|Any CPU
		{7F1E2CCB-506F-453B-94E2-099CDFDA4DF8}.Release|Any CPU.ActiveCfg = Release|Any CPU
		{7F1E2CCB-506F-453B-94E2-099CDFDA4DF8}.Release|Any CPU.Build.0 = Release|Any CPU
		{C407C392-C63C-40AB-BC96-8BEEE959BD0C}.Debug|Any CPU.ActiveCfg = Debug|Any CPU
		{C407C392-C63C-40AB-BC96-8BEEE959BD0C}.Debug|Any CPU.Build.0 = Debug|Any CPU
		{C407C392-C63C-40AB-BC96-8BEEE959BD0C}.Release|Any CPU.ActiveCfg = Release|Any CPU
		{C407C392-C63C-40AB-BC96-8BEEE959BD0C}.Release|Any CPU.Build.0 = Release|Any CPU
		{1AB8D45E-62FA-4001-B215-C6F6E561AADF}.Debug|Any CPU.ActiveCfg = Debug|Any CPU
		{1AB8D45E-62FA-4001-B215-C6F6E561AADF}.Debug|Any CPU.Build.0 = Debug|Any CPU
		{1AB8D45E-62FA-4001-B215-C6F6E561AADF}.Release|Any CPU.ActiveCfg = Release|Any CPU
		{1AB8D45E-62FA-4001-B215-C6F6E561AADF}.Release|Any CPU.Build.0 = Release|Any CPU
		{8A0ED0F9-606E-4C6E-A27D-FB469E854EE7}.Debug|Any CPU.ActiveCfg = Debug|Any CPU
		{8A0ED0F9-606E-4C6E-A27D-FB469E854EE7}.Debug|Any CPU.Build.0 = Debug|Any CPU
		{8A0ED0F9-606E-4C6E-A27D-FB469E854EE7}.Release|Any CPU.ActiveCfg = Release|Any CPU
		{8A0ED0F9-606E-4C6E-A27D-FB469E854EE7}.Release|Any CPU.Build.0 = Release|Any CPU
		{030A8375-16FC-4381-84D0-94D8E06C944C}.Debug|Any CPU.ActiveCfg = Debug|Any CPU
		{030A8375-16FC-4381-84D0-94D8E06C944C}.Debug|Any CPU.Build.0 = Debug|Any CPU
		{030A8375-16FC-4381-84D0-94D8E06C944C}.Release|Any CPU.ActiveCfg = Release|Any CPU
		{030A8375-16FC-4381-84D0-94D8E06C944C}.Release|Any CPU.Build.0 = Release|Any CPU
		{24511959-C6A9-42E9-A427-9E7B41F3C832}.Debug|Any CPU.ActiveCfg = Debug|Any CPU
		{24511959-C6A9-42E9-A427-9E7B41F3C832}.Debug|Any CPU.Build.0 = Debug|Any CPU
		{24511959-C6A9-42E9-A427-9E7B41F3C832}.Release|Any CPU.ActiveCfg = Release|Any CPU
		{24511959-C6A9-42E9-A427-9E7B41F3C832}.Release|Any CPU.Build.0 = Release|Any CPU
		{BDA94AE6-E13E-4C68-86EA-7C3B31D6E474}.Debug|Any CPU.ActiveCfg = Debug|Any CPU
		{BDA94AE6-E13E-4C68-86EA-7C3B31D6E474}.Debug|Any CPU.Build.0 = Debug|Any CPU
		{BDA94AE6-E13E-4C68-86EA-7C3B31D6E474}.Release|Any CPU.ActiveCfg = Release|Any CPU
		{BDA94AE6-E13E-4C68-86EA-7C3B31D6E474}.Release|Any CPU.Build.0 = Release|Any CPU
		{1A8C84C6-88A8-4858-82EA-0C1EE26C0378}.Debug|Any CPU.ActiveCfg = Debug|Any CPU
		{1A8C84C6-88A8-4858-82EA-0C1EE26C0378}.Debug|Any CPU.Build.0 = Debug|Any CPU
		{1A8C84C6-88A8-4858-82EA-0C1EE26C0378}.Release|Any CPU.ActiveCfg = Release|Any CPU
		{1A8C84C6-88A8-4858-82EA-0C1EE26C0378}.Release|Any CPU.Build.0 = Release|Any CPU
		{91C4DAF1-665A-4D38-814B-317CCDFEF2C2}.Debug|Any CPU.ActiveCfg = Debug|Any CPU
		{91C4DAF1-665A-4D38-814B-317CCDFEF2C2}.Debug|Any CPU.Build.0 = Debug|Any CPU
		{91C4DAF1-665A-4D38-814B-317CCDFEF2C2}.Release|Any CPU.ActiveCfg = Release|Any CPU
		{91C4DAF1-665A-4D38-814B-317CCDFEF2C2}.Release|Any CPU.Build.0 = Release|Any CPU
		{7505DE15-3927-4489-99D6-6A2BF1DB688B}.Debug|Any CPU.ActiveCfg = Debug|Any CPU
		{7505DE15-3927-4489-99D6-6A2BF1DB688B}.Debug|Any CPU.Build.0 = Debug|Any CPU
		{7505DE15-3927-4489-99D6-6A2BF1DB688B}.Release|Any CPU.ActiveCfg = Release|Any CPU
		{7505DE15-3927-4489-99D6-6A2BF1DB688B}.Release|Any CPU.Build.0 = Release|Any CPU
	EndGlobalSection
	GlobalSection(SolutionProperties) = preSolution
		HideSolutionNode = FALSE
	EndGlobalSection
	GlobalSection(ExtensibilityGlobals) = postSolution
		SolutionGuid = {14AD31EB-06B0-49CC-98C6-AF5E9E555AE5}
	EndGlobalSection
EndGlobal
