
Microsoft Visual Studio Solution File, Format Version 12.00
# Visual Studio Version 17
VisualStudioVersion = 17.1.31903.286
MinimumVisualStudioVersion = 10.0.40219.1
Project("{9A19103F-16F7-4668-BE54-9A1E7A4F7556}") = "Exercice01", "Exercice01\Exercice01.csproj", "{D074843E-CBE4-4DB5-8EF8-BB0EDBF7C1A1}"
EndProject
Project("{9A19103F-16F7-4668-BE54-9A1E7A4F7556}") = "Exercice02", "Exercice02\Exercice02.csproj", "{E8DD653A-6B81-40F8-A4CB-CCA71D5ADD7D}"
EndProject
Project("{9A19103F-16F7-4668-BE54-9A1E7A4F7556}") = "Exercice03", "Exercice03\Exercice03.csproj", "{A36B671B-3245-4201-BEC5-E699FD5E49F2}"
EndProject
Project("{9A19103F-16F7-4668-BE54-9A1E7A4F7556}") = "Exercice04", "Exercice04\Exercice04.csproj", "{F85E538D-BE21-46E3-8F46-16507C2DA602}"
EndProject
Project("{9A19103F-16F7-4668-BE54-9A1E7A4F7556}") = "Exercice05", "Exercice05\Exercice05.csproj", "{0DF12A03-2332-475A-B263-0AA63F5C612A}"
EndProject
Project("{9A19103F-16F7-4668-BE54-9A1E7A4F7556}") = "Exercice06", "Exercice06\Exercice06.csproj", "{535BB9E5-6709-463B-BE1C-E963F03767DE}"
EndProject
Project("{9A19103F-16F7-4668-BE54-9A1E7A4F7556}") = "Exercice07", "Exercice07\Exercice07.csproj", "{73E55D0B-021B-440E-B9EC-118031510CE5}"
EndProject
Project("{9A19103F-16F7-4668-BE54-9A1E7A4F7556}") = "Exercice08", "Exercice08\Exercice08.csproj", "{7AFA2763-5E8E-4077-9B10-B1A7A8175708}"
EndProject
Project("{9A19103F-16F7-4668-BE54-9A1E7A4F7556}") = "Exercice09", "Exercice09\Exercice09.csproj", "{F25E47E3-C3C9-467C-964F-5C28E74767AB}"
EndProject
Project("{9A19103F-16F7-4668-BE54-9A1E7A4F7556}") = "Exercice10", "Exercice10\Exercice10.csproj", "{D439918C-4DAA-43C4-9CC5-B04450FB5E9F}"
EndProject
Project("{9A19103F-16F7-4668-BE54-9A1E7A4F7556}") = "Exercice11", "Exercice11\Exercice11.csproj", "{95B45B91-8AA5-4046-8E0F-F6E9314E01DD}"
EndProject
Project("{9A19103F-16F7-4668-BE54-9A1E7A4F7556}") = "Exercice12", "Exercice12\Exercice12.csproj", "{FF132B40-FF48-4ED3-9D3C-D7F7800EB297}"
EndProject
Project("{9A19103F-16F7-4668-BE54-9A1E7A4F7556}") = "Exercice13", "Exercice13\Exercice13.csproj", "{21195B28-26BF-4263-A535-65C96F8E3CD5}"
EndProject
Project("{9A19103F-16F7-4668-BE54-9A1E7A4F7556}") = "Exercice14", "Exercice14\Exercice14.csproj", "{800C75EF-B587-4051-A084-D3BBCCCAFECF}"
EndProject
Project("{9A19103F-16F7-4668-BE54-9A1E7A4F7556}") = "Exercice15", "Exercice15\Exercice15.csproj", "{95855D01-217D-4CC9-A912-8F6771BF5431}"
EndProject
Project("{9A19103F-16F7-4668-BE54-9A1E7A4F7556}") = "Exercice16", "Exercice16\Exercice16.csproj", "{7F1E2CCB-506F-453B-94E2-099CDFDA4DF8}"
EndProject
Project("{9A19103F-16F7-4668-BE54-9A1E7A4F7556}") = "Exercice17", "Exercice17\Exercice17.csproj", "{C407C392-C63C-40AB-BC96-8BEEE959BD0C}"
EndProject
Project("{9A19103F-16F7-4668-BE54-9A1E7A4F7556}") = "Exercice18", "Exercice18\Exercice18.csproj", "{1AB8D45E-62FA-4001-B215-C6F6E561AADF}"
EndProject
Project("{9A19103F-16F7-4668-BE54-9A1E7A4F7556}") = "Exercice19", "Exercice19\Exercice19.csproj", "{8A0ED0F9-606E-4C6E-A27D-FB469E854EE7}"
EndProject
Project("{9A19103F-16F7-4668-BE54-9A1E7A4F7556}") = "Exercice20", "Exercice20\Exercice20.csproj", "{030A8375-16FC-4381-84D0-94D8E06C944C}"
EndProject
Project("{9A19103F-16F7-4668-BE54-9A1E7A4F7556}") = "Exercice21", "Exercice21\Exercice21.csproj", "{24511959-C6A9-42E9-A427-9E7B41F3C832}"
EndProject
Project("{9A19103F-16F7-4668-BE54-9A1E7A4F7556}") = "Exercice22", "Exercice22\Exercice22.csproj", "{BDA94AE6-E13E-4C68-86EA-7C3B31D6E474}"
EndProject
Project("{9A19103F-16F7-4668-BE54-9A1E7A4F7556}") = "Exercice23", "Exercice23\Exercice23.csproj", "{1A8C84C6-88A8-4858-82EA-0C1EE26C0378}"
EndProject
Project("{9A19103F-16F7-4668-BE54-9A1E7A4F7556}") = "Exercice24", "Exercice24\Exercice24.csproj", "{91C4DAF1-665A-4D38-814B-317CCDFEF2C2}"
EndProject
Project("{9A19103F-16F7-4668-BE54-9A1E7A4F7556}") = "Exercice25", "Exercice25\Exercice25.csproj", "{7505DE15-3927-4489-99D6-6A2BF1DB688B}"
EndProject
Project("{9A19103F-16F7-4668-BE54-9A1E7A4F7556}") = "Exercice26", "Exercice26\Exercice26.csproj", "{D344A370-83B4-4893-B66C-D903DF14E942}"
EndProject
Project("{9A19103F-16F7-4668-BE54-9A1E7A4F7556}") = "Exercice27", "Exercice27\Exercice27.csproj", "{DF66708B-CB89-49B4-9B8A-2BB044E4070A}"
EndProject
Project("{9A19103F-16F7-4668-BE54-9A1E7A4F7556}") = "Exercice28", "Exercice28\Exercice28.csproj", "{17C1736F-E907-470F-A2F8-3C415FC7528A}"
EndProject
Project("{9A19103F-16F7-4668-BE54-9A1E7A4F7556}") = "Exercice29", "Exercice29\Exercice29.csproj", "{D29393A8-2551-404A-8390-B47612E6836C}"
EndProject
Project("{9A19103F-16F7-4668-BE54-9A1E7A4F7556}") = "Exercice30", "Exercice30\Exercice30.csproj", "{613FB288-F6B3-494B-A436-00C4E9F1EA63}"
EndProject
Project("{9A19103F-16F7-4668-BE54-9A1E7A4F7556}") = "Exercice31", "Exercice31\Exercice31.csproj", "{1708BBBB-D321-4E11-B87B-A286C7F846E8}"
EndProject
Project("{9A19103F-16F7-4668-BE54-9A1E7A4F7556}") = "Exercice32", "Exercice32\Exercice32.csproj", "{725654B9-4550-4D64-A13B-09001CE19B05}"
EndProject
Project("{9A19103F-16F7-4668-BE54-9A1E7A4F7556}") = "Exercice33", "Exercice33\Exercice33.csproj", "{185D63EF-F50F-44BC-895F-2F3910BEF739}"
EndProject
Project("{9A19103F-16F7-4668-BE54-9A1E7A4F7556}") = "Exercice34", "Exercice34\Exercice34.csproj", "{513E03AE-F3A5-4C08-8C17-96AA91F8350F}"
EndProject
Project("{9A19103F-16F7-4668-BE54-9A1E7A4F7556}") = "Exercice35", "Exercice35\Exercice35.csproj", "{6C520907-B680-4F0F-A2ED-38BC1BE08A6C}"
EndProject
Project("{9A19103F-16F7-4668-BE54-9A1E7A4F7556}") = "Exercice36", "Exercice36\Exercice36.csproj", "{682CEB94-3374-4DDC-99DE-15C30A211830}"
EndProject
Project("{9A19103F-16F7-4668-BE54-9A1E7A4F7556}") = "Exercice37", "Exercice37\Exercice37.csproj", "{B42E4B5D-ADFD-490E-8A29-25D8BA8AC266}"
EndProject
Project("{9A19103F-16F7-4668-BE54-9A1E7A4F7556}") = "Exercice38", "Exercice38\Exercice38.csproj", "{3A21392F-9216-42E2-A443-95F40EF4C820}"
EndProject
Project("{9A19103F-16F7-4668-BE54-9A1E7A4F7556}") = "Exercice39", "Exercice39\Exercice39.csproj", "{F776674D-AB60-496D-A57B-9D9F30D3D590}"
EndProject
Project("{2150E333-8FDC-42A3-9474-1A3956D46DE8}") = "Exercices_Base", "Exercices_Base", "{50670812-DA5C-44C2-9ACA-94E346950884}"
EndProject
Project("{2150E333-8FDC-42A3-9474-1A3956D46DE8}") = "Exercices_POO", "Exercices_POO", "{64205C62-A29C-4AF3-A50C-EB9BBEB4A659}"
EndProject
Project("{9A19103F-16F7-4668-BE54-9A1E7A4F7556}") = "ExercicePOO01", "ExercicePOO01\ExercicePOO01.csproj", "{ABCDC70A-C068-481C-B127-0283FD1EBC18}"
EndProject
Project("{9A19103F-16F7-4668-BE54-9A1E7A4F7556}") = "ExercicePOO02", "ExercicePOO02\ExercicePOO02.csproj", "{D04B80B8-EBF3-42E0-8248-593B4A9C3169}"
EndProject
Project("{9A19103F-16F7-4668-BE54-9A1E7A4F7556}") = "ExercicePOO03", "ExercicePOO03\ExercicePOO03.csproj", "{E8C07D2B-7898-4060-8BA4-CE7CB5F24264}"
EndProject
Project("{9A19103F-16F7-4668-BE54-9A1E7A4F7556}") = "CompteBancaire", "CompteBancaire\CompteBancaire.csproj", "{CAA5447A-FDCE-4A93-8629-6292BB0621D8}"
EndProject
Project("{9A19103F-16F7-4668-BE54-9A1E7A4F7556}") = "CaisseEnregistreuse", "CaisseEnregistreuse\CaisseEnregistreuse.csproj", "{3FB8A907-3E88-49DF-BC68-53531DE83E89}"
EndProject
Project("{2150E333-8FDC-42A3-9474-1A3956D46DE8}") = "ExosSupp", "ExosSupp", "{8F36E826-B1EA-48BF-8C3B-4FD567C65CED}"
EndProject
Project("{9A19103F-16F7-4668-BE54-9A1E7A4F7556}") = "Heritage01", "Heritage01\Heritage01.csproj", "{C2D0347B-E1E9-4BF4-B821-6A2E9868EA35}"
EndProject
Project("{9A19103F-16F7-4668-BE54-9A1E7A4F7556}") = "Heritage02", "Heritage02\Heritage02.csproj", "{FFB1E785-FE82-4D90-A0C8-373E36D01E4C}"
EndProject
Project("{9A19103F-16F7-4668-BE54-9A1E7A4F7556}") = "Heritage03", "Heritage03\Heritage03.csproj", "{6A7E8F7B-19E3-45B7-8F1D-781294F42332}"
EndProject
Project("{9A19103F-16F7-4668-BE54-9A1E7A4F7556}") = "HeritageSalarie", "HeritageSalarie\HeritageSalarie.csproj", "{BD9634C0-E0EF-4B41-AA83-F51EE35EB87E}"
EndProject
Project("{9A19103F-16F7-4668-BE54-9A1E7A4F7556}") = "ListCompteBancaire", "ListCompteBancaire\ListCompteBancaire.csproj", "{E97286F8-C5DF-4CEE-8EA6-FB5E719323CA}"
EndProject
Project("{9A19103F-16F7-4668-BE54-9A1E7A4F7556}") = "Hotel", "Hotel\Hotel.csproj", "{B7A549C6-487A-4CD2-97F8-86B3E982F2A1}"
EndProject
Project("{9A19103F-16F7-4668-BE54-9A1E7A4F7556}") = "ExoAbstractInterface", "ExoAbstractInterface\ExoAbstractInterface.csproj", "{51D388D8-75EE-4298-8214-2B2B6C8AE917}"
EndProject
Project("{2150E333-8FDC-42A3-9474-1A3956D46DE8}") = "Solution Items", "Solution Items", "{37CB1B39-D124-4A5C-B835-9D915C5A86D2}"
EndProject
Project("{2150E333-8FDC-42A3-9474-1A3956D46DE8}") = "SQLs", "SQLs", "{D4BF1A45-9AB0-4947-8A4E-5624BC7D6E8F}"
	ProjectSection(SolutionItems) = preProject
		SQL\AjoutLivre.sql = SQL\AjoutLivre.sql
		SQL\CorrectionSQLExercice1.sql = SQL\CorrectionSQLExercice1.sql
		SQL\CorrectionSQLExercice2.sql = SQL\CorrectionSQLExercice2.sql
		CorrectionSQLExercice3.sql = CorrectionSQLExercice3.sql
		SQL\Cours.sql = SQL\Cours.sql
		CreerDBBanque.sql = CreerDBBanque.sql
		SQL\departement.sql = SQL\departement.sql
		SQL\villes_france_sqlserver.sql = SQL\villes_france_sqlserver.sql
	EndProjectSection
EndProject
Project("{2150E333-8FDC-42A3-9474-1A3956D46DE8}") = "ExercicesAdoDOTNET", "ExercicesAdoDOTNET", "{8B3CE451-F4D6-4C29-89C8-8853D2347B50}"
EndProject
Project("{9A19103F-16F7-4668-BE54-9A1E7A4F7556}") = "CompteBancaireVersion1", "CompteBancaireVersion1\CompteBancaireVersion1.csproj", "{3FBA272B-DDD8-4A02-89C1-F23797E8F48A}"
EndProject
Global
	GlobalSection(SolutionConfigurationPlatforms) = preSolution
		Debug|Any CPU = Debug|Any CPU
		Release|Any CPU = Release|Any CPU
	EndGlobalSection
	GlobalSection(ProjectConfigurationPlatforms) = postSolution
		{D074843E-CBE4-4DB5-8EF8-BB0EDBF7C1A1}.Debug|Any CPU.ActiveCfg = Debug|Any CPU
		{D074843E-CBE4-4DB5-8EF8-BB0EDBF7C1A1}.Debug|Any CPU.Build.0 = Debug|Any CPU
		{D074843E-CBE4-4DB5-8EF8-BB0EDBF7C1A1}.Release|Any CPU.ActiveCfg = Release|Any CPU
		{D074843E-CBE4-4DB5-8EF8-BB0EDBF7C1A1}.Release|Any CPU.Build.0 = Release|Any CPU
		{E8DD653A-6B81-40F8-A4CB-CCA71D5ADD7D}.Debug|Any CPU.ActiveCfg = Debug|Any CPU
		{E8DD653A-6B81-40F8-A4CB-CCA71D5ADD7D}.Debug|Any CPU.Build.0 = Debug|Any CPU
		{E8DD653A-6B81-40F8-A4CB-CCA71D5ADD7D}.Release|Any CPU.ActiveCfg = Release|Any CPU
		{E8DD653A-6B81-40F8-A4CB-CCA71D5ADD7D}.Release|Any CPU.Build.0 = Release|Any CPU
		{A36B671B-3245-4201-BEC5-E699FD5E49F2}.Debug|Any CPU.ActiveCfg = Debug|Any CPU
		{A36B671B-3245-4201-BEC5-E699FD5E49F2}.Debug|Any CPU.Build.0 = Debug|Any CPU
		{A36B671B-3245-4201-BEC5-E699FD5E49F2}.Release|Any CPU.ActiveCfg = Release|Any CPU
		{A36B671B-3245-4201-BEC5-E699FD5E49F2}.Release|Any CPU.Build.0 = Release|Any CPU
		{F85E538D-BE21-46E3-8F46-16507C2DA602}.Debug|Any CPU.ActiveCfg = Debug|Any CPU
		{F85E538D-BE21-46E3-8F46-16507C2DA602}.Debug|Any CPU.Build.0 = Debug|Any CPU
		{F85E538D-BE21-46E3-8F46-16507C2DA602}.Release|Any CPU.ActiveCfg = Release|Any CPU
		{F85E538D-BE21-46E3-8F46-16507C2DA602}.Release|Any CPU.Build.0 = Release|Any CPU
		{0DF12A03-2332-475A-B263-0AA63F5C612A}.Debug|Any CPU.ActiveCfg = Debug|Any CPU
		{0DF12A03-2332-475A-B263-0AA63F5C612A}.Debug|Any CPU.Build.0 = Debug|Any CPU
		{0DF12A03-2332-475A-B263-0AA63F5C612A}.Release|Any CPU.ActiveCfg = Release|Any CPU
		{0DF12A03-2332-475A-B263-0AA63F5C612A}.Release|Any CPU.Build.0 = Release|Any CPU
		{535BB9E5-6709-463B-BE1C-E963F03767DE}.Debug|Any CPU.ActiveCfg = Debug|Any CPU
		{535BB9E5-6709-463B-BE1C-E963F03767DE}.Debug|Any CPU.Build.0 = Debug|Any CPU
		{535BB9E5-6709-463B-BE1C-E963F03767DE}.Release|Any CPU.ActiveCfg = Release|Any CPU
		{535BB9E5-6709-463B-BE1C-E963F03767DE}.Release|Any CPU.Build.0 = Release|Any CPU
		{73E55D0B-021B-440E-B9EC-118031510CE5}.Debug|Any CPU.ActiveCfg = Debug|Any CPU
		{73E55D0B-021B-440E-B9EC-118031510CE5}.Debug|Any CPU.Build.0 = Debug|Any CPU
		{73E55D0B-021B-440E-B9EC-118031510CE5}.Release|Any CPU.ActiveCfg = Release|Any CPU
		{73E55D0B-021B-440E-B9EC-118031510CE5}.Release|Any CPU.Build.0 = Release|Any CPU
		{7AFA2763-5E8E-4077-9B10-B1A7A8175708}.Debug|Any CPU.ActiveCfg = Debug|Any CPU
		{7AFA2763-5E8E-4077-9B10-B1A7A8175708}.Debug|Any CPU.Build.0 = Debug|Any CPU
		{7AFA2763-5E8E-4077-9B10-B1A7A8175708}.Release|Any CPU.ActiveCfg = Release|Any CPU
		{7AFA2763-5E8E-4077-9B10-B1A7A8175708}.Release|Any CPU.Build.0 = Release|Any CPU
		{F25E47E3-C3C9-467C-964F-5C28E74767AB}.Debug|Any CPU.ActiveCfg = Debug|Any CPU
		{F25E47E3-C3C9-467C-964F-5C28E74767AB}.Debug|Any CPU.Build.0 = Debug|Any CPU
		{F25E47E3-C3C9-467C-964F-5C28E74767AB}.Release|Any CPU.ActiveCfg = Release|Any CPU
		{F25E47E3-C3C9-467C-964F-5C28E74767AB}.Release|Any CPU.Build.0 = Release|Any CPU
		{D439918C-4DAA-43C4-9CC5-B04450FB5E9F}.Debug|Any CPU.ActiveCfg = Debug|Any CPU
		{D439918C-4DAA-43C4-9CC5-B04450FB5E9F}.Debug|Any CPU.Build.0 = Debug|Any CPU
		{D439918C-4DAA-43C4-9CC5-B04450FB5E9F}.Release|Any CPU.ActiveCfg = Release|Any CPU
		{D439918C-4DAA-43C4-9CC5-B04450FB5E9F}.Release|Any CPU.Build.0 = Release|Any CPU
		{95B45B91-8AA5-4046-8E0F-F6E9314E01DD}.Debug|Any CPU.ActiveCfg = Debug|Any CPU
		{95B45B91-8AA5-4046-8E0F-F6E9314E01DD}.Debug|Any CPU.Build.0 = Debug|Any CPU
		{95B45B91-8AA5-4046-8E0F-F6E9314E01DD}.Release|Any CPU.ActiveCfg = Release|Any CPU
		{95B45B91-8AA5-4046-8E0F-F6E9314E01DD}.Release|Any CPU.Build.0 = Release|Any CPU
		{FF132B40-FF48-4ED3-9D3C-D7F7800EB297}.Debug|Any CPU.ActiveCfg = Debug|Any CPU
		{FF132B40-FF48-4ED3-9D3C-D7F7800EB297}.Debug|Any CPU.Build.0 = Debug|Any CPU
		{FF132B40-FF48-4ED3-9D3C-D7F7800EB297}.Release|Any CPU.ActiveCfg = Release|Any CPU
		{FF132B40-FF48-4ED3-9D3C-D7F7800EB297}.Release|Any CPU.Build.0 = Release|Any CPU
		{21195B28-26BF-4263-A535-65C96F8E3CD5}.Debug|Any CPU.ActiveCfg = Debug|Any CPU
		{21195B28-26BF-4263-A535-65C96F8E3CD5}.Debug|Any CPU.Build.0 = Debug|Any CPU
		{21195B28-26BF-4263-A535-65C96F8E3CD5}.Release|Any CPU.ActiveCfg = Release|Any CPU
		{21195B28-26BF-4263-A535-65C96F8E3CD5}.Release|Any CPU.Build.0 = Release|Any CPU
		{800C75EF-B587-4051-A084-D3BBCCCAFECF}.Debug|Any CPU.ActiveCfg = Debug|Any CPU
		{800C75EF-B587-4051-A084-D3BBCCCAFECF}.Debug|Any CPU.Build.0 = Debug|Any CPU
		{800C75EF-B587-4051-A084-D3BBCCCAFECF}.Release|Any CPU.ActiveCfg = Release|Any CPU
		{800C75EF-B587-4051-A084-D3BBCCCAFECF}.Release|Any CPU.Build.0 = Release|Any CPU
		{95855D01-217D-4CC9-A912-8F6771BF5431}.Debug|Any CPU.ActiveCfg = Debug|Any CPU
		{95855D01-217D-4CC9-A912-8F6771BF5431}.Debug|Any CPU.Build.0 = Debug|Any CPU
		{95855D01-217D-4CC9-A912-8F6771BF5431}.Release|Any CPU.ActiveCfg = Release|Any CPU
		{95855D01-217D-4CC9-A912-8F6771BF5431}.Release|Any CPU.Build.0 = Release|Any CPU
		{7F1E2CCB-506F-453B-94E2-099CDFDA4DF8}.Debug|Any CPU.ActiveCfg = Debug|Any CPU
		{7F1E2CCB-506F-453B-94E2-099CDFDA4DF8}.Debug|Any CPU.Build.0 = Debug|Any CPU
		{7F1E2CCB-506F-453B-94E2-099CDFDA4DF8}.Release|Any CPU.ActiveCfg = Release|Any CPU
		{7F1E2CCB-506F-453B-94E2-099CDFDA4DF8}.Release|Any CPU.Build.0 = Release|Any CPU
		{C407C392-C63C-40AB-BC96-8BEEE959BD0C}.Debug|Any CPU.ActiveCfg = Debug|Any CPU
		{C407C392-C63C-40AB-BC96-8BEEE959BD0C}.Debug|Any CPU.Build.0 = Debug|Any CPU
		{C407C392-C63C-40AB-BC96-8BEEE959BD0C}.Release|Any CPU.ActiveCfg = Release|Any CPU
		{C407C392-C63C-40AB-BC96-8BEEE959BD0C}.Release|Any CPU.Build.0 = Release|Any CPU
		{1AB8D45E-62FA-4001-B215-C6F6E561AADF}.Debug|Any CPU.ActiveCfg = Debug|Any CPU
		{1AB8D45E-62FA-4001-B215-C6F6E561AADF}.Debug|Any CPU.Build.0 = Debug|Any CPU
		{1AB8D45E-62FA-4001-B215-C6F6E561AADF}.Release|Any CPU.ActiveCfg = Release|Any CPU
		{1AB8D45E-62FA-4001-B215-C6F6E561AADF}.Release|Any CPU.Build.0 = Release|Any CPU
		{8A0ED0F9-606E-4C6E-A27D-FB469E854EE7}.Debug|Any CPU.ActiveCfg = Debug|Any CPU
		{8A0ED0F9-606E-4C6E-A27D-FB469E854EE7}.Debug|Any CPU.Build.0 = Debug|Any CPU
		{8A0ED0F9-606E-4C6E-A27D-FB469E854EE7}.Release|Any CPU.ActiveCfg = Release|Any CPU
		{8A0ED0F9-606E-4C6E-A27D-FB469E854EE7}.Release|Any CPU.Build.0 = Release|Any CPU
		{030A8375-16FC-4381-84D0-94D8E06C944C}.Debug|Any CPU.ActiveCfg = Debug|Any CPU
		{030A8375-16FC-4381-84D0-94D8E06C944C}.Debug|Any CPU.Build.0 = Debug|Any CPU
		{030A8375-16FC-4381-84D0-94D8E06C944C}.Release|Any CPU.ActiveCfg = Release|Any CPU
		{030A8375-16FC-4381-84D0-94D8E06C944C}.Release|Any CPU.Build.0 = Release|Any CPU
		{24511959-C6A9-42E9-A427-9E7B41F3C832}.Debug|Any CPU.ActiveCfg = Debug|Any CPU
		{24511959-C6A9-42E9-A427-9E7B41F3C832}.Debug|Any CPU.Build.0 = Debug|Any CPU
		{24511959-C6A9-42E9-A427-9E7B41F3C832}.Release|Any CPU.ActiveCfg = Release|Any CPU
		{24511959-C6A9-42E9-A427-9E7B41F3C832}.Release|Any CPU.Build.0 = Release|Any CPU
		{BDA94AE6-E13E-4C68-86EA-7C3B31D6E474}.Debug|Any CPU.ActiveCfg = Debug|Any CPU
		{BDA94AE6-E13E-4C68-86EA-7C3B31D6E474}.Debug|Any CPU.Build.0 = Debug|Any CPU
		{BDA94AE6-E13E-4C68-86EA-7C3B31D6E474}.Release|Any CPU.ActiveCfg = Release|Any CPU
		{BDA94AE6-E13E-4C68-86EA-7C3B31D6E474}.Release|Any CPU.Build.0 = Release|Any CPU
		{1A8C84C6-88A8-4858-82EA-0C1EE26C0378}.Debug|Any CPU.ActiveCfg = Debug|Any CPU
		{1A8C84C6-88A8-4858-82EA-0C1EE26C0378}.Debug|Any CPU.Build.0 = Debug|Any CPU
		{1A8C84C6-88A8-4858-82EA-0C1EE26C0378}.Release|Any CPU.ActiveCfg = Release|Any CPU
		{1A8C84C6-88A8-4858-82EA-0C1EE26C0378}.Release|Any CPU.Build.0 = Release|Any CPU
		{91C4DAF1-665A-4D38-814B-317CCDFEF2C2}.Debug|Any CPU.ActiveCfg = Debug|Any CPU
		{91C4DAF1-665A-4D38-814B-317CCDFEF2C2}.Debug|Any CPU.Build.0 = Debug|Any CPU
		{91C4DAF1-665A-4D38-814B-317CCDFEF2C2}.Release|Any CPU.ActiveCfg = Release|Any CPU
		{91C4DAF1-665A-4D38-814B-317CCDFEF2C2}.Release|Any CPU.Build.0 = Release|Any CPU
		{7505DE15-3927-4489-99D6-6A2BF1DB688B}.Debug|Any CPU.ActiveCfg = Debug|Any CPU
		{7505DE15-3927-4489-99D6-6A2BF1DB688B}.Debug|Any CPU.Build.0 = Debug|Any CPU
		{7505DE15-3927-4489-99D6-6A2BF1DB688B}.Release|Any CPU.ActiveCfg = Release|Any CPU
		{7505DE15-3927-4489-99D6-6A2BF1DB688B}.Release|Any CPU.Build.0 = Release|Any CPU
		{D344A370-83B4-4893-B66C-D903DF14E942}.Debug|Any CPU.ActiveCfg = Debug|Any CPU
		{D344A370-83B4-4893-B66C-D903DF14E942}.Debug|Any CPU.Build.0 = Debug|Any CPU
		{D344A370-83B4-4893-B66C-D903DF14E942}.Release|Any CPU.ActiveCfg = Release|Any CPU
		{D344A370-83B4-4893-B66C-D903DF14E942}.Release|Any CPU.Build.0 = Release|Any CPU
		{DF66708B-CB89-49B4-9B8A-2BB044E4070A}.Debug|Any CPU.ActiveCfg = Debug|Any CPU
		{DF66708B-CB89-49B4-9B8A-2BB044E4070A}.Debug|Any CPU.Build.0 = Debug|Any CPU
		{DF66708B-CB89-49B4-9B8A-2BB044E4070A}.Release|Any CPU.ActiveCfg = Release|Any CPU
		{DF66708B-CB89-49B4-9B8A-2BB044E4070A}.Release|Any CPU.Build.0 = Release|Any CPU
		{17C1736F-E907-470F-A2F8-3C415FC7528A}.Debug|Any CPU.ActiveCfg = Debug|Any CPU
		{17C1736F-E907-470F-A2F8-3C415FC7528A}.Debug|Any CPU.Build.0 = Debug|Any CPU
		{17C1736F-E907-470F-A2F8-3C415FC7528A}.Release|Any CPU.ActiveCfg = Release|Any CPU
		{17C1736F-E907-470F-A2F8-3C415FC7528A}.Release|Any CPU.Build.0 = Release|Any CPU
		{D29393A8-2551-404A-8390-B47612E6836C}.Debug|Any CPU.ActiveCfg = Debug|Any CPU
		{D29393A8-2551-404A-8390-B47612E6836C}.Debug|Any CPU.Build.0 = Debug|Any CPU
		{D29393A8-2551-404A-8390-B47612E6836C}.Release|Any CPU.ActiveCfg = Release|Any CPU
		{D29393A8-2551-404A-8390-B47612E6836C}.Release|Any CPU.Build.0 = Release|Any CPU
		{613FB288-F6B3-494B-A436-00C4E9F1EA63}.Debug|Any CPU.ActiveCfg = Debug|Any CPU
		{613FB288-F6B3-494B-A436-00C4E9F1EA63}.Debug|Any CPU.Build.0 = Debug|Any CPU
		{613FB288-F6B3-494B-A436-00C4E9F1EA63}.Release|Any CPU.ActiveCfg = Release|Any CPU
		{613FB288-F6B3-494B-A436-00C4E9F1EA63}.Release|Any CPU.Build.0 = Release|Any CPU
		{1708BBBB-D321-4E11-B87B-A286C7F846E8}.Debug|Any CPU.ActiveCfg = Debug|Any CPU
		{1708BBBB-D321-4E11-B87B-A286C7F846E8}.Debug|Any CPU.Build.0 = Debug|Any CPU
		{1708BBBB-D321-4E11-B87B-A286C7F846E8}.Release|Any CPU.ActiveCfg = Release|Any CPU
		{1708BBBB-D321-4E11-B87B-A286C7F846E8}.Release|Any CPU.Build.0 = Release|Any CPU
		{725654B9-4550-4D64-A13B-09001CE19B05}.Debug|Any CPU.ActiveCfg = Debug|Any CPU
		{725654B9-4550-4D64-A13B-09001CE19B05}.Debug|Any CPU.Build.0 = Debug|Any CPU
		{725654B9-4550-4D64-A13B-09001CE19B05}.Release|Any CPU.ActiveCfg = Release|Any CPU
		{725654B9-4550-4D64-A13B-09001CE19B05}.Release|Any CPU.Build.0 = Release|Any CPU
		{185D63EF-F50F-44BC-895F-2F3910BEF739}.Debug|Any CPU.ActiveCfg = Debug|Any CPU
		{185D63EF-F50F-44BC-895F-2F3910BEF739}.Debug|Any CPU.Build.0 = Debug|Any CPU
		{185D63EF-F50F-44BC-895F-2F3910BEF739}.Release|Any CPU.ActiveCfg = Release|Any CPU
		{185D63EF-F50F-44BC-895F-2F3910BEF739}.Release|Any CPU.Build.0 = Release|Any CPU
		{513E03AE-F3A5-4C08-8C17-96AA91F8350F}.Debug|Any CPU.ActiveCfg = Debug|Any CPU
		{513E03AE-F3A5-4C08-8C17-96AA91F8350F}.Debug|Any CPU.Build.0 = Debug|Any CPU
		{513E03AE-F3A5-4C08-8C17-96AA91F8350F}.Release|Any CPU.ActiveCfg = Release|Any CPU
		{513E03AE-F3A5-4C08-8C17-96AA91F8350F}.Release|Any CPU.Build.0 = Release|Any CPU
		{6C520907-B680-4F0F-A2ED-38BC1BE08A6C}.Debug|Any CPU.ActiveCfg = Debug|Any CPU
		{6C520907-B680-4F0F-A2ED-38BC1BE08A6C}.Debug|Any CPU.Build.0 = Debug|Any CPU
		{6C520907-B680-4F0F-A2ED-38BC1BE08A6C}.Release|Any CPU.ActiveCfg = Release|Any CPU
		{6C520907-B680-4F0F-A2ED-38BC1BE08A6C}.Release|Any CPU.Build.0 = Release|Any CPU
		{682CEB94-3374-4DDC-99DE-15C30A211830}.Debug|Any CPU.ActiveCfg = Debug|Any CPU
		{682CEB94-3374-4DDC-99DE-15C30A211830}.Debug|Any CPU.Build.0 = Debug|Any CPU
		{682CEB94-3374-4DDC-99DE-15C30A211830}.Release|Any CPU.ActiveCfg = Release|Any CPU
		{682CEB94-3374-4DDC-99DE-15C30A211830}.Release|Any CPU.Build.0 = Release|Any CPU
		{B42E4B5D-ADFD-490E-8A29-25D8BA8AC266}.Debug|Any CPU.ActiveCfg = Debug|Any CPU
		{B42E4B5D-ADFD-490E-8A29-25D8BA8AC266}.Debug|Any CPU.Build.0 = Debug|Any CPU
		{B42E4B5D-ADFD-490E-8A29-25D8BA8AC266}.Release|Any CPU.ActiveCfg = Release|Any CPU
		{B42E4B5D-ADFD-490E-8A29-25D8BA8AC266}.Release|Any CPU.Build.0 = Release|Any CPU
		{3A21392F-9216-42E2-A443-95F40EF4C820}.Debug|Any CPU.ActiveCfg = Debug|Any CPU
		{3A21392F-9216-42E2-A443-95F40EF4C820}.Debug|Any CPU.Build.0 = Debug|Any CPU
		{3A21392F-9216-42E2-A443-95F40EF4C820}.Release|Any CPU.ActiveCfg = Release|Any CPU
		{3A21392F-9216-42E2-A443-95F40EF4C820}.Release|Any CPU.Build.0 = Release|Any CPU
		{F776674D-AB60-496D-A57B-9D9F30D3D590}.Debug|Any CPU.ActiveCfg = Debug|Any CPU
		{F776674D-AB60-496D-A57B-9D9F30D3D590}.Debug|Any CPU.Build.0 = Debug|Any CPU
		{F776674D-AB60-496D-A57B-9D9F30D3D590}.Release|Any CPU.ActiveCfg = Release|Any CPU
		{F776674D-AB60-496D-A57B-9D9F30D3D590}.Release|Any CPU.Build.0 = Release|Any CPU
		{ABCDC70A-C068-481C-B127-0283FD1EBC18}.Debug|Any CPU.ActiveCfg = Debug|Any CPU
		{ABCDC70A-C068-481C-B127-0283FD1EBC18}.Debug|Any CPU.Build.0 = Debug|Any CPU
		{ABCDC70A-C068-481C-B127-0283FD1EBC18}.Release|Any CPU.ActiveCfg = Release|Any CPU
		{ABCDC70A-C068-481C-B127-0283FD1EBC18}.Release|Any CPU.Build.0 = Release|Any CPU
		{D04B80B8-EBF3-42E0-8248-593B4A9C3169}.Debug|Any CPU.ActiveCfg = Debug|Any CPU
		{D04B80B8-EBF3-42E0-8248-593B4A9C3169}.Debug|Any CPU.Build.0 = Debug|Any CPU
		{D04B80B8-EBF3-42E0-8248-593B4A9C3169}.Release|Any CPU.ActiveCfg = Release|Any CPU
		{D04B80B8-EBF3-42E0-8248-593B4A9C3169}.Release|Any CPU.Build.0 = Release|Any CPU
		{E8C07D2B-7898-4060-8BA4-CE7CB5F24264}.Debug|Any CPU.ActiveCfg = Debug|Any CPU
		{E8C07D2B-7898-4060-8BA4-CE7CB5F24264}.Debug|Any CPU.Build.0 = Debug|Any CPU
		{E8C07D2B-7898-4060-8BA4-CE7CB5F24264}.Release|Any CPU.ActiveCfg = Release|Any CPU
		{E8C07D2B-7898-4060-8BA4-CE7CB5F24264}.Release|Any CPU.Build.0 = Release|Any CPU
		{CAA5447A-FDCE-4A93-8629-6292BB0621D8}.Debug|Any CPU.ActiveCfg = Debug|Any CPU
		{CAA5447A-FDCE-4A93-8629-6292BB0621D8}.Debug|Any CPU.Build.0 = Debug|Any CPU
		{CAA5447A-FDCE-4A93-8629-6292BB0621D8}.Release|Any CPU.ActiveCfg = Release|Any CPU
		{CAA5447A-FDCE-4A93-8629-6292BB0621D8}.Release|Any CPU.Build.0 = Release|Any CPU
		{3FB8A907-3E88-49DF-BC68-53531DE83E89}.Debug|Any CPU.ActiveCfg = Debug|Any CPU
		{3FB8A907-3E88-49DF-BC68-53531DE83E89}.Debug|Any CPU.Build.0 = Debug|Any CPU
		{3FB8A907-3E88-49DF-BC68-53531DE83E89}.Release|Any CPU.ActiveCfg = Release|Any CPU
		{3FB8A907-3E88-49DF-BC68-53531DE83E89}.Release|Any CPU.Build.0 = Release|Any CPU
		{C2D0347B-E1E9-4BF4-B821-6A2E9868EA35}.Debug|Any CPU.ActiveCfg = Debug|Any CPU
		{C2D0347B-E1E9-4BF4-B821-6A2E9868EA35}.Debug|Any CPU.Build.0 = Debug|Any CPU
		{C2D0347B-E1E9-4BF4-B821-6A2E9868EA35}.Release|Any CPU.ActiveCfg = Release|Any CPU
		{C2D0347B-E1E9-4BF4-B821-6A2E9868EA35}.Release|Any CPU.Build.0 = Release|Any CPU
		{FFB1E785-FE82-4D90-A0C8-373E36D01E4C}.Debug|Any CPU.ActiveCfg = Debug|Any CPU
		{FFB1E785-FE82-4D90-A0C8-373E36D01E4C}.Debug|Any CPU.Build.0 = Debug|Any CPU
		{FFB1E785-FE82-4D90-A0C8-373E36D01E4C}.Release|Any CPU.ActiveCfg = Release|Any CPU
		{FFB1E785-FE82-4D90-A0C8-373E36D01E4C}.Release|Any CPU.Build.0 = Release|Any CPU
		{6A7E8F7B-19E3-45B7-8F1D-781294F42332}.Debug|Any CPU.ActiveCfg = Debug|Any CPU
		{6A7E8F7B-19E3-45B7-8F1D-781294F42332}.Debug|Any CPU.Build.0 = Debug|Any CPU
		{6A7E8F7B-19E3-45B7-8F1D-781294F42332}.Release|Any CPU.ActiveCfg = Release|Any CPU
		{6A7E8F7B-19E3-45B7-8F1D-781294F42332}.Release|Any CPU.Build.0 = Release|Any CPU
		{BD9634C0-E0EF-4B41-AA83-F51EE35EB87E}.Debug|Any CPU.ActiveCfg = Debug|Any CPU
		{BD9634C0-E0EF-4B41-AA83-F51EE35EB87E}.Debug|Any CPU.Build.0 = Debug|Any CPU
		{BD9634C0-E0EF-4B41-AA83-F51EE35EB87E}.Release|Any CPU.ActiveCfg = Release|Any CPU
		{BD9634C0-E0EF-4B41-AA83-F51EE35EB87E}.Release|Any CPU.Build.0 = Release|Any CPU
		{E97286F8-C5DF-4CEE-8EA6-FB5E719323CA}.Debug|Any CPU.ActiveCfg = Debug|Any CPU
		{E97286F8-C5DF-4CEE-8EA6-FB5E719323CA}.Debug|Any CPU.Build.0 = Debug|Any CPU
		{E97286F8-C5DF-4CEE-8EA6-FB5E719323CA}.Release|Any CPU.ActiveCfg = Release|Any CPU
		{E97286F8-C5DF-4CEE-8EA6-FB5E719323CA}.Release|Any CPU.Build.0 = Release|Any CPU
		{B7A549C6-487A-4CD2-97F8-86B3E982F2A1}.Debug|Any CPU.ActiveCfg = Debug|Any CPU
		{B7A549C6-487A-4CD2-97F8-86B3E982F2A1}.Debug|Any CPU.Build.0 = Debug|Any CPU
		{B7A549C6-487A-4CD2-97F8-86B3E982F2A1}.Release|Any CPU.ActiveCfg = Release|Any CPU
		{B7A549C6-487A-4CD2-97F8-86B3E982F2A1}.Release|Any CPU.Build.0 = Release|Any CPU
		{51D388D8-75EE-4298-8214-2B2B6C8AE917}.Debug|Any CPU.ActiveCfg = Debug|Any CPU
		{51D388D8-75EE-4298-8214-2B2B6C8AE917}.Debug|Any CPU.Build.0 = Debug|Any CPU
		{51D388D8-75EE-4298-8214-2B2B6C8AE917}.Release|Any CPU.ActiveCfg = Release|Any CPU
		{51D388D8-75EE-4298-8214-2B2B6C8AE917}.Release|Any CPU.Build.0 = Release|Any CPU
		{3FBA272B-DDD8-4A02-89C1-F23797E8F48A}.Debug|Any CPU.ActiveCfg = Debug|Any CPU
		{3FBA272B-DDD8-4A02-89C1-F23797E8F48A}.Debug|Any CPU.Build.0 = Debug|Any CPU
		{3FBA272B-DDD8-4A02-89C1-F23797E8F48A}.Release|Any CPU.ActiveCfg = Release|Any CPU
		{3FBA272B-DDD8-4A02-89C1-F23797E8F48A}.Release|Any CPU.Build.0 = Release|Any CPU
	EndGlobalSection
	GlobalSection(SolutionProperties) = preSolution
		HideSolutionNode = FALSE
	EndGlobalSection
	GlobalSection(NestedProjects) = preSolution
		{D074843E-CBE4-4DB5-8EF8-BB0EDBF7C1A1} = {50670812-DA5C-44C2-9ACA-94E346950884}
		{E8DD653A-6B81-40F8-A4CB-CCA71D5ADD7D} = {50670812-DA5C-44C2-9ACA-94E346950884}
		{A36B671B-3245-4201-BEC5-E699FD5E49F2} = {50670812-DA5C-44C2-9ACA-94E346950884}
		{F85E538D-BE21-46E3-8F46-16507C2DA602} = {50670812-DA5C-44C2-9ACA-94E346950884}
		{0DF12A03-2332-475A-B263-0AA63F5C612A} = {50670812-DA5C-44C2-9ACA-94E346950884}
		{535BB9E5-6709-463B-BE1C-E963F03767DE} = {50670812-DA5C-44C2-9ACA-94E346950884}
		{73E55D0B-021B-440E-B9EC-118031510CE5} = {50670812-DA5C-44C2-9ACA-94E346950884}
		{7AFA2763-5E8E-4077-9B10-B1A7A8175708} = {50670812-DA5C-44C2-9ACA-94E346950884}
		{F25E47E3-C3C9-467C-964F-5C28E74767AB} = {50670812-DA5C-44C2-9ACA-94E346950884}
		{D439918C-4DAA-43C4-9CC5-B04450FB5E9F} = {50670812-DA5C-44C2-9ACA-94E346950884}
		{95B45B91-8AA5-4046-8E0F-F6E9314E01DD} = {50670812-DA5C-44C2-9ACA-94E346950884}
		{FF132B40-FF48-4ED3-9D3C-D7F7800EB297} = {50670812-DA5C-44C2-9ACA-94E346950884}
		{21195B28-26BF-4263-A535-65C96F8E3CD5} = {50670812-DA5C-44C2-9ACA-94E346950884}
		{800C75EF-B587-4051-A084-D3BBCCCAFECF} = {50670812-DA5C-44C2-9ACA-94E346950884}
		{95855D01-217D-4CC9-A912-8F6771BF5431} = {50670812-DA5C-44C2-9ACA-94E346950884}
		{7F1E2CCB-506F-453B-94E2-099CDFDA4DF8} = {50670812-DA5C-44C2-9ACA-94E346950884}
		{C407C392-C63C-40AB-BC96-8BEEE959BD0C} = {50670812-DA5C-44C2-9ACA-94E346950884}
		{1AB8D45E-62FA-4001-B215-C6F6E561AADF} = {50670812-DA5C-44C2-9ACA-94E346950884}
		{8A0ED0F9-606E-4C6E-A27D-FB469E854EE7} = {50670812-DA5C-44C2-9ACA-94E346950884}
		{030A8375-16FC-4381-84D0-94D8E06C944C} = {50670812-DA5C-44C2-9ACA-94E346950884}
		{24511959-C6A9-42E9-A427-9E7B41F3C832} = {50670812-DA5C-44C2-9ACA-94E346950884}
		{BDA94AE6-E13E-4C68-86EA-7C3B31D6E474} = {50670812-DA5C-44C2-9ACA-94E346950884}
		{1A8C84C6-88A8-4858-82EA-0C1EE26C0378} = {50670812-DA5C-44C2-9ACA-94E346950884}
		{91C4DAF1-665A-4D38-814B-317CCDFEF2C2} = {50670812-DA5C-44C2-9ACA-94E346950884}
		{7505DE15-3927-4489-99D6-6A2BF1DB688B} = {50670812-DA5C-44C2-9ACA-94E346950884}
		{D344A370-83B4-4893-B66C-D903DF14E942} = {50670812-DA5C-44C2-9ACA-94E346950884}
		{DF66708B-CB89-49B4-9B8A-2BB044E4070A} = {50670812-DA5C-44C2-9ACA-94E346950884}
		{17C1736F-E907-470F-A2F8-3C415FC7528A} = {50670812-DA5C-44C2-9ACA-94E346950884}
		{D29393A8-2551-404A-8390-B47612E6836C} = {50670812-DA5C-44C2-9ACA-94E346950884}
		{613FB288-F6B3-494B-A436-00C4E9F1EA63} = {50670812-DA5C-44C2-9ACA-94E346950884}
		{1708BBBB-D321-4E11-B87B-A286C7F846E8} = {50670812-DA5C-44C2-9ACA-94E346950884}
		{725654B9-4550-4D64-A13B-09001CE19B05} = {50670812-DA5C-44C2-9ACA-94E346950884}
		{185D63EF-F50F-44BC-895F-2F3910BEF739} = {50670812-DA5C-44C2-9ACA-94E346950884}
		{513E03AE-F3A5-4C08-8C17-96AA91F8350F} = {50670812-DA5C-44C2-9ACA-94E346950884}
		{6C520907-B680-4F0F-A2ED-38BC1BE08A6C} = {50670812-DA5C-44C2-9ACA-94E346950884}
		{682CEB94-3374-4DDC-99DE-15C30A211830} = {50670812-DA5C-44C2-9ACA-94E346950884}
		{B42E4B5D-ADFD-490E-8A29-25D8BA8AC266} = {50670812-DA5C-44C2-9ACA-94E346950884}
		{3A21392F-9216-42E2-A443-95F40EF4C820} = {50670812-DA5C-44C2-9ACA-94E346950884}
		{F776674D-AB60-496D-A57B-9D9F30D3D590} = {50670812-DA5C-44C2-9ACA-94E346950884}
		{ABCDC70A-C068-481C-B127-0283FD1EBC18} = {64205C62-A29C-4AF3-A50C-EB9BBEB4A659}
		{D04B80B8-EBF3-42E0-8248-593B4A9C3169} = {64205C62-A29C-4AF3-A50C-EB9BBEB4A659}
		{E8C07D2B-7898-4060-8BA4-CE7CB5F24264} = {64205C62-A29C-4AF3-A50C-EB9BBEB4A659}
		{CAA5447A-FDCE-4A93-8629-6292BB0621D8} = {8F36E826-B1EA-48BF-8C3B-4FD567C65CED}
		{3FB8A907-3E88-49DF-BC68-53531DE83E89} = {8F36E826-B1EA-48BF-8C3B-4FD567C65CED}
		{8F36E826-B1EA-48BF-8C3B-4FD567C65CED} = {64205C62-A29C-4AF3-A50C-EB9BBEB4A659}
		{C2D0347B-E1E9-4BF4-B821-6A2E9868EA35} = {8F36E826-B1EA-48BF-8C3B-4FD567C65CED}
		{FFB1E785-FE82-4D90-A0C8-373E36D01E4C} = {8F36E826-B1EA-48BF-8C3B-4FD567C65CED}
		{6A7E8F7B-19E3-45B7-8F1D-781294F42332} = {8F36E826-B1EA-48BF-8C3B-4FD567C65CED}
		{BD9634C0-E0EF-4B41-AA83-F51EE35EB87E} = {8F36E826-B1EA-48BF-8C3B-4FD567C65CED}
		{E97286F8-C5DF-4CEE-8EA6-FB5E719323CA} = {8F36E826-B1EA-48BF-8C3B-4FD567C65CED}
		{B7A549C6-487A-4CD2-97F8-86B3E982F2A1} = {8F36E826-B1EA-48BF-8C3B-4FD567C65CED}
		{51D388D8-75EE-4298-8214-2B2B6C8AE917} = {8F36E826-B1EA-48BF-8C3B-4FD567C65CED}
		{3FBA272B-DDD8-4A02-89C1-F23797E8F48A} = {8B3CE451-F4D6-4C29-89C8-8853D2347B50}
	EndGlobalSection
	GlobalSection(ExtensibilityGlobals) = postSolution
		SolutionGuid = {14AD31EB-06B0-49CC-98C6-AF5E9E555AE5}
	EndGlobalSection
EndGlobal
