
Microsoft Visual Studio Solution File, Format Version 12.00
# Visual Studio Version 17
VisualStudioVersion = 17.1.31903.286
MinimumVisualStudioVersion = 10.0.40219.1
Project("{2150E333-8FDC-42A3-9474-1A3956D46DE8}") = "FormationCSharp", "FormationCSharp", "{72085EC3-8867-4833-ADB9-AB6BE3BFB7B0}"
EndProject
Project("{2150E333-8FDC-42A3-9474-1A3956D46DE8}") = "ExercicesCSharp", "ExercicesCSharp", "{78F876BB-EDAA-496A-BDD2-683D1A465276}"
EndProject
Project("{2150E333-8FDC-42A3-9474-1A3956D46DE8}") = "Exercice01", "Exercice01", "{0774A340-3694-4714-AB18-56EE3A41130F}"
EndProject
Project("{2150E333-8FDC-42A3-9474-1A3956D46DE8}") = "Exercice02", "Exercice02", "{6528A894-C868-4D52-9661-613570D80C2A}"
EndProject
Project("{2150E333-8FDC-42A3-9474-1A3956D46DE8}") = "Exercice03", "Exercice03", "{5D9C7BE7-4271-4261-B868-9E1081091F91}"
EndProject
Project("{2150E333-8FDC-42A3-9474-1A3956D46DE8}") = "Exercice04", "Exercice04", "{C315C038-6CFE-4B44-A02F-D8F1EA3AE72E}"
EndProject
Project("{2150E333-8FDC-42A3-9474-1A3956D46DE8}") = "Exercice05", "Exercice05", "{CD843E5D-989C-45E2-BB95-B258D42710A6}"
EndProject
Project("{9A19103F-16F7-4668-BE54-9A1E7A4F7556}") = "ExoAffichageConsole", "ExoAffichageConsole\ExoAffichageConsole.csproj", "{0406F00F-6B52-4591-9805-61BAB5ABE3F8}"
EndProject
Project("{9A19103F-16F7-4668-BE54-9A1E7A4F7556}") = "ExoVariableString", "ExoVariableString\ExoVariableString.csproj", "{0EF68263-3065-413F-88E8-A6CBB24B8D67}"
EndProject
Project("{9A19103F-16F7-4668-BE54-9A1E7A4F7556}") = "ExoVariableStringConcat", "ExoVariableStringConcat\ExoVariableStringConcat.csproj", "{57736ED0-0500-4868-A6FD-FFF62414A2D9}"
EndProject
Project("{9A19103F-16F7-4668-BE54-9A1E7A4F7556}") = "ExoVariableIntConcat", "ExoVariableIntConcat\ExoVariableIntConcat.csproj", "{7E130786-C39A-4DD6-A66D-A69AD57F318C}"
EndProject
Project("{9A19103F-16F7-4668-BE54-9A1E7A4F7556}") = "ExoVariableNumérique", "ExoVariableNumérique\ExoVariableNumérique.csproj", "{F1708AB0-9CC2-4D8D-8E00-CD0ADCEE646A}"
EndProject
Project("{2150E333-8FDC-42A3-9474-1A3956D46DE8}") = "Exercice06", "Exercice06", "{D5E97FFC-5D6E-4223-9E7B-009070670737}"
EndProject
Project("{9A19103F-16F7-4668-BE54-9A1E7A4F7556}") = "ExoCalculCarre", "ExoCalculCarre\ExoCalculCarre.csproj", "{F3D7CD3A-91CC-4A05-BEC7-7175D4489B34}"
EndProject
Project("{2150E333-8FDC-42A3-9474-1A3956D46DE8}") = "Exercice07", "Exercice07", "{2C9A17C8-C1E2-4306-B303-67B3FA620B92}"
EndProject
Project("{9A19103F-16F7-4668-BE54-9A1E7A4F7556}") = "ExoCalculHypothenuse", "ExoCalculHypothenuse\ExoCalculHypothenuse.csproj", "{1FB75EEF-305F-4D15-8428-1AC9F1DEB952}"
EndProject
Project("{2150E333-8FDC-42A3-9474-1A3956D46DE8}") = "Exercice08", "Exercice08", "{A987FC87-64AA-496C-A329-D7976019D4D4}"
EndProject
Project("{2150E333-8FDC-42A3-9474-1A3956D46DE8}") = "Exercice09", "Exercice09", "{1F67C92B-9FAD-4975-A145-EB33D0310C5A}"
EndProject
Project("{9A19103F-16F7-4668-BE54-9A1E7A4F7556}") = "ExoCalculMontantTVA", "ExoCalculMontantTVA\ExoCalculMontantTVA.csproj", "{0203CD1E-73F4-49F7-B556-D0D53EDA2C5F}"
EndProject
Project("{9A19103F-16F7-4668-BE54-9A1E7A4F7556}") = "ExoCalculInterets", "ExoCalculInterets\ExoCalculInterets.csproj", "{4E2C831F-F925-4904-828D-233AC6942F28}"
EndProject
Project("{2150E333-8FDC-42A3-9474-1A3956D46DE8}") = "Exercice10", "Exercice10", "{BC617FCB-C0FB-42CB-BF3C-53E5E37573FD}"
EndProject
Project("{2150E333-8FDC-42A3-9474-1A3956D46DE8}") = "Exercice11", "Exercice11", "{EBE0B5A0-5EE9-4A16-B7B4-6722A72FC033}"
EndProject
Project("{2150E333-8FDC-42A3-9474-1A3956D46DE8}") = "Exercice12", "Exercice12", "{572C8F82-279A-4166-BEF2-3AC64D333C58}"
EndProject
Project("{2150E333-8FDC-42A3-9474-1A3956D46DE8}") = "Exercice13", "Exercice13", "{FEB19DB0-B6C7-4B87-BFBF-159221D58215}"
EndProject
Project("{2150E333-8FDC-42A3-9474-1A3956D46DE8}") = "Exercice14", "Exercice14", "{90C169D1-F475-43BC-B927-BE1DD8FDB482}"
EndProject
Project("{2150E333-8FDC-42A3-9474-1A3956D46DE8}") = "Exercice15", "Exercice15", "{21F3857B-AE8A-4FF5-B35E-2AA4CA99EB12}"
EndProject
Project("{2150E333-8FDC-42A3-9474-1A3956D46DE8}") = "Exercice16", "Exercice16", "{43136C0C-56B7-4DA9-A6D8-0599ECB2311D}"
EndProject
Project("{9A19103F-16F7-4668-BE54-9A1E7A4F7556}") = "ExoConsonneVoyelle", "ExoConsonneVoyelle\ExoConsonneVoyelle.csproj", "{B4203B8C-B74A-4EF5-A58F-297617DDB982}"
EndProject
Project("{9A19103F-16F7-4668-BE54-9A1E7A4F7556}") = "ExoNBDivisiblePar", "ExoNBDivisiblePar\ExoNBDivisiblePar.csproj", "{1864D0EE-099D-4621-8443-CE10952451AC}"
EndProject
Project("{9A19103F-16F7-4668-BE54-9A1E7A4F7556}") = "ExoCategorieEnfant", "ExoCategorieEnfant\ExoCategorieEnfant.csproj", "{CA1C8C12-9161-4ABC-8E89-B4CA1A63AC39}"
EndProject
Project("{9A19103F-16F7-4668-BE54-9A1E7A4F7556}") = "ExoNatureTriangle", "ExoNatureTriangle\ExoNatureTriangle.csproj", "{E4CE3087-0B7F-44D4-A372-70E8E7278630}"
EndProject
Project("{9A19103F-16F7-4668-BE54-9A1E7A4F7556}") = "ExoTailleVetements", "ExoTailleVetements\ExoTailleVetements.csproj", "{3EF81E15-9E4E-420C-8B27-D07FF307C976}"
EndProject
Project("{9A19103F-16F7-4668-BE54-9A1E7A4F7556}") = "ExoCalculIndemniteLicenciement", "ExoCalculIndemniteLicenciement\ExoCalculIndemniteLicenciement.csproj", "{F0610AF0-3780-4EF1-A49C-CFB7DCE97EA7}"
EndProject
Project("{9A19103F-16F7-4668-BE54-9A1E7A4F7556}") = "ExoCalculImpots", "ExoCalculImpots\ExoCalculImpots.csproj", "{6DBD4D94-2C3A-47A6-AC8F-A9317996D550}"
EndProject
Global
	GlobalSection(SolutionConfigurationPlatforms) = preSolution
		Debug|Any CPU = Debug|Any CPU
		Release|Any CPU = Release|Any CPU
	EndGlobalSection
	GlobalSection(ProjectConfigurationPlatforms) = postSolution
		{0406F00F-6B52-4591-9805-61BAB5ABE3F8}.Debug|Any CPU.ActiveCfg = Debug|Any CPU
		{0406F00F-6B52-4591-9805-61BAB5ABE3F8}.Debug|Any CPU.Build.0 = Debug|Any CPU
		{0406F00F-6B52-4591-9805-61BAB5ABE3F8}.Release|Any CPU.ActiveCfg = Release|Any CPU
		{0406F00F-6B52-4591-9805-61BAB5ABE3F8}.Release|Any CPU.Build.0 = Release|Any CPU
		{0EF68263-3065-413F-88E8-A6CBB24B8D67}.Debug|Any CPU.ActiveCfg = Debug|Any CPU
		{0EF68263-3065-413F-88E8-A6CBB24B8D67}.Debug|Any CPU.Build.0 = Debug|Any CPU
		{0EF68263-3065-413F-88E8-A6CBB24B8D67}.Release|Any CPU.ActiveCfg = Release|Any CPU
		{0EF68263-3065-413F-88E8-A6CBB24B8D67}.Release|Any CPU.Build.0 = Release|Any CPU
		{57736ED0-0500-4868-A6FD-FFF62414A2D9}.Debug|Any CPU.ActiveCfg = Debug|Any CPU
		{57736ED0-0500-4868-A6FD-FFF62414A2D9}.Debug|Any CPU.Build.0 = Debug|Any CPU
		{57736ED0-0500-4868-A6FD-FFF62414A2D9}.Release|Any CPU.ActiveCfg = Release|Any CPU
		{57736ED0-0500-4868-A6FD-FFF62414A2D9}.Release|Any CPU.Build.0 = Release|Any CPU
		{7E130786-C39A-4DD6-A66D-A69AD57F318C}.Debug|Any CPU.ActiveCfg = Debug|Any CPU
		{7E130786-C39A-4DD6-A66D-A69AD57F318C}.Debug|Any CPU.Build.0 = Debug|Any CPU
		{7E130786-C39A-4DD6-A66D-A69AD57F318C}.Release|Any CPU.ActiveCfg = Release|Any CPU
		{7E130786-C39A-4DD6-A66D-A69AD57F318C}.Release|Any CPU.Build.0 = Release|Any CPU
		{F1708AB0-9CC2-4D8D-8E00-CD0ADCEE646A}.Debug|Any CPU.ActiveCfg = Debug|Any CPU
		{F1708AB0-9CC2-4D8D-8E00-CD0ADCEE646A}.Debug|Any CPU.Build.0 = Debug|Any CPU
		{F1708AB0-9CC2-4D8D-8E00-CD0ADCEE646A}.Release|Any CPU.ActiveCfg = Release|Any CPU
		{F1708AB0-9CC2-4D8D-8E00-CD0ADCEE646A}.Release|Any CPU.Build.0 = Release|Any CPU
		{F3D7CD3A-91CC-4A05-BEC7-7175D4489B34}.Debug|Any CPU.ActiveCfg = Debug|Any CPU
		{F3D7CD3A-91CC-4A05-BEC7-7175D4489B34}.Debug|Any CPU.Build.0 = Debug|Any CPU
		{F3D7CD3A-91CC-4A05-BEC7-7175D4489B34}.Release|Any CPU.ActiveCfg = Release|Any CPU
		{F3D7CD3A-91CC-4A05-BEC7-7175D4489B34}.Release|Any CPU.Build.0 = Release|Any CPU
		{1FB75EEF-305F-4D15-8428-1AC9F1DEB952}.Debug|Any CPU.ActiveCfg = Debug|Any CPU
		{1FB75EEF-305F-4D15-8428-1AC9F1DEB952}.Debug|Any CPU.Build.0 = Debug|Any CPU
		{1FB75EEF-305F-4D15-8428-1AC9F1DEB952}.Release|Any CPU.ActiveCfg = Release|Any CPU
		{1FB75EEF-305F-4D15-8428-1AC9F1DEB952}.Release|Any CPU.Build.0 = Release|Any CPU
		{0203CD1E-73F4-49F7-B556-D0D53EDA2C5F}.Debug|Any CPU.ActiveCfg = Debug|Any CPU
		{0203CD1E-73F4-49F7-B556-D0D53EDA2C5F}.Debug|Any CPU.Build.0 = Debug|Any CPU
		{0203CD1E-73F4-49F7-B556-D0D53EDA2C5F}.Release|Any CPU.ActiveCfg = Release|Any CPU
		{0203CD1E-73F4-49F7-B556-D0D53EDA2C5F}.Release|Any CPU.Build.0 = Release|Any CPU
		{4E2C831F-F925-4904-828D-233AC6942F28}.Debug|Any CPU.ActiveCfg = Debug|Any CPU
		{4E2C831F-F925-4904-828D-233AC6942F28}.Debug|Any CPU.Build.0 = Debug|Any CPU
		{4E2C831F-F925-4904-828D-233AC6942F28}.Release|Any CPU.ActiveCfg = Release|Any CPU
		{4E2C831F-F925-4904-828D-233AC6942F28}.Release|Any CPU.Build.0 = Release|Any CPU
		{B4203B8C-B74A-4EF5-A58F-297617DDB982}.Debug|Any CPU.ActiveCfg = Debug|Any CPU
		{B4203B8C-B74A-4EF5-A58F-297617DDB982}.Debug|Any CPU.Build.0 = Debug|Any CPU
		{B4203B8C-B74A-4EF5-A58F-297617DDB982}.Release|Any CPU.ActiveCfg = Release|Any CPU
		{B4203B8C-B74A-4EF5-A58F-297617DDB982}.Release|Any CPU.Build.0 = Release|Any CPU
		{1864D0EE-099D-4621-8443-CE10952451AC}.Debug|Any CPU.ActiveCfg = Debug|Any CPU
		{1864D0EE-099D-4621-8443-CE10952451AC}.Debug|Any CPU.Build.0 = Debug|Any CPU
		{1864D0EE-099D-4621-8443-CE10952451AC}.Release|Any CPU.ActiveCfg = Release|Any CPU
		{1864D0EE-099D-4621-8443-CE10952451AC}.Release|Any CPU.Build.0 = Release|Any CPU
		{CA1C8C12-9161-4ABC-8E89-B4CA1A63AC39}.Debug|Any CPU.ActiveCfg = Debug|Any CPU
		{CA1C8C12-9161-4ABC-8E89-B4CA1A63AC39}.Debug|Any CPU.Build.0 = Debug|Any CPU
		{CA1C8C12-9161-4ABC-8E89-B4CA1A63AC39}.Release|Any CPU.ActiveCfg = Release|Any CPU
		{CA1C8C12-9161-4ABC-8E89-B4CA1A63AC39}.Release|Any CPU.Build.0 = Release|Any CPU
		{E4CE3087-0B7F-44D4-A372-70E8E7278630}.Debug|Any CPU.ActiveCfg = Debug|Any CPU
		{E4CE3087-0B7F-44D4-A372-70E8E7278630}.Debug|Any CPU.Build.0 = Debug|Any CPU
		{E4CE3087-0B7F-44D4-A372-70E8E7278630}.Release|Any CPU.ActiveCfg = Release|Any CPU
		{E4CE3087-0B7F-44D4-A372-70E8E7278630}.Release|Any CPU.Build.0 = Release|Any CPU
		{3EF81E15-9E4E-420C-8B27-D07FF307C976}.Debug|Any CPU.ActiveCfg = Debug|Any CPU
		{3EF81E15-9E4E-420C-8B27-D07FF307C976}.Debug|Any CPU.Build.0 = Debug|Any CPU
		{3EF81E15-9E4E-420C-8B27-D07FF307C976}.Release|Any CPU.ActiveCfg = Release|Any CPU
		{3EF81E15-9E4E-420C-8B27-D07FF307C976}.Release|Any CPU.Build.0 = Release|Any CPU
		{F0610AF0-3780-4EF1-A49C-CFB7DCE97EA7}.Debug|Any CPU.ActiveCfg = Debug|Any CPU
		{F0610AF0-3780-4EF1-A49C-CFB7DCE97EA7}.Debug|Any CPU.Build.0 = Debug|Any CPU
		{F0610AF0-3780-4EF1-A49C-CFB7DCE97EA7}.Release|Any CPU.ActiveCfg = Release|Any CPU
		{F0610AF0-3780-4EF1-A49C-CFB7DCE97EA7}.Release|Any CPU.Build.0 = Release|Any CPU
		{6DBD4D94-2C3A-47A6-AC8F-A9317996D550}.Debug|Any CPU.ActiveCfg = Debug|Any CPU
		{6DBD4D94-2C3A-47A6-AC8F-A9317996D550}.Debug|Any CPU.Build.0 = Debug|Any CPU
		{6DBD4D94-2C3A-47A6-AC8F-A9317996D550}.Release|Any CPU.ActiveCfg = Release|Any CPU
		{6DBD4D94-2C3A-47A6-AC8F-A9317996D550}.Release|Any CPU.Build.0 = Release|Any CPU
	EndGlobalSection
	GlobalSection(SolutionProperties) = preSolution
		HideSolutionNode = FALSE
	EndGlobalSection
	GlobalSection(NestedProjects) = preSolution
		{78F876BB-EDAA-496A-BDD2-683D1A465276} = {72085EC3-8867-4833-ADB9-AB6BE3BFB7B0}
		{0774A340-3694-4714-AB18-56EE3A41130F} = {78F876BB-EDAA-496A-BDD2-683D1A465276}
		{6528A894-C868-4D52-9661-613570D80C2A} = {78F876BB-EDAA-496A-BDD2-683D1A465276}
		{5D9C7BE7-4271-4261-B868-9E1081091F91} = {78F876BB-EDAA-496A-BDD2-683D1A465276}
		{C315C038-6CFE-4B44-A02F-D8F1EA3AE72E} = {78F876BB-EDAA-496A-BDD2-683D1A465276}
		{CD843E5D-989C-45E2-BB95-B258D42710A6} = {78F876BB-EDAA-496A-BDD2-683D1A465276}
		{0406F00F-6B52-4591-9805-61BAB5ABE3F8} = {0774A340-3694-4714-AB18-56EE3A41130F}
		{0EF68263-3065-413F-88E8-A6CBB24B8D67} = {6528A894-C868-4D52-9661-613570D80C2A}
		{57736ED0-0500-4868-A6FD-FFF62414A2D9} = {5D9C7BE7-4271-4261-B868-9E1081091F91}
		{7E130786-C39A-4DD6-A66D-A69AD57F318C} = {C315C038-6CFE-4B44-A02F-D8F1EA3AE72E}
		{F1708AB0-9CC2-4D8D-8E00-CD0ADCEE646A} = {CD843E5D-989C-45E2-BB95-B258D42710A6}
		{D5E97FFC-5D6E-4223-9E7B-009070670737} = {78F876BB-EDAA-496A-BDD2-683D1A465276}
		{F3D7CD3A-91CC-4A05-BEC7-7175D4489B34} = {D5E97FFC-5D6E-4223-9E7B-009070670737}
		{2C9A17C8-C1E2-4306-B303-67B3FA620B92} = {78F876BB-EDAA-496A-BDD2-683D1A465276}
		{1FB75EEF-305F-4D15-8428-1AC9F1DEB952} = {2C9A17C8-C1E2-4306-B303-67B3FA620B92}
		{A987FC87-64AA-496C-A329-D7976019D4D4} = {78F876BB-EDAA-496A-BDD2-683D1A465276}
		{1F67C92B-9FAD-4975-A145-EB33D0310C5A} = {78F876BB-EDAA-496A-BDD2-683D1A465276}
		{0203CD1E-73F4-49F7-B556-D0D53EDA2C5F} = {A987FC87-64AA-496C-A329-D7976019D4D4}
		{4E2C831F-F925-4904-828D-233AC6942F28} = {1F67C92B-9FAD-4975-A145-EB33D0310C5A}
		{BC617FCB-C0FB-42CB-BF3C-53E5E37573FD} = {78F876BB-EDAA-496A-BDD2-683D1A465276}
		{EBE0B5A0-5EE9-4A16-B7B4-6722A72FC033} = {78F876BB-EDAA-496A-BDD2-683D1A465276}
		{572C8F82-279A-4166-BEF2-3AC64D333C58} = {78F876BB-EDAA-496A-BDD2-683D1A465276}
		{FEB19DB0-B6C7-4B87-BFBF-159221D58215} = {78F876BB-EDAA-496A-BDD2-683D1A465276}
		{90C169D1-F475-43BC-B927-BE1DD8FDB482} = {78F876BB-EDAA-496A-BDD2-683D1A465276}
		{21F3857B-AE8A-4FF5-B35E-2AA4CA99EB12} = {78F876BB-EDAA-496A-BDD2-683D1A465276}
		{43136C0C-56B7-4DA9-A6D8-0599ECB2311D} = {78F876BB-EDAA-496A-BDD2-683D1A465276}
		{B4203B8C-B74A-4EF5-A58F-297617DDB982} = {BC617FCB-C0FB-42CB-BF3C-53E5E37573FD}
		{1864D0EE-099D-4621-8443-CE10952451AC} = {EBE0B5A0-5EE9-4A16-B7B4-6722A72FC033}
		{CA1C8C12-9161-4ABC-8E89-B4CA1A63AC39} = {572C8F82-279A-4166-BEF2-3AC64D333C58}
		{E4CE3087-0B7F-44D4-A372-70E8E7278630} = {FEB19DB0-B6C7-4B87-BFBF-159221D58215}
		{3EF81E15-9E4E-420C-8B27-D07FF307C976} = {90C169D1-F475-43BC-B927-BE1DD8FDB482}
		{F0610AF0-3780-4EF1-A49C-CFB7DCE97EA7} = {21F3857B-AE8A-4FF5-B35E-2AA4CA99EB12}
		{6DBD4D94-2C3A-47A6-AC8F-A9317996D550} = {43136C0C-56B7-4DA9-A6D8-0599ECB2311D}
	EndGlobalSection
	GlobalSection(ExtensibilityGlobals) = postSolution
		SolutionGuid = {2236BBF7-17DD-40E9-B665-62871006ECD3}
	EndGlobalSection
EndGlobal
