
Microsoft Visual Studio Solution File, Format Version 12.00
# Visual Studio Version 17
VisualStudioVersion = 17.0.31912.275
MinimumVisualStudioVersion = 10.0.40219.1
Project("{9A19103F-16F7-4668-BE54-9A1E7A4F7556}") = "FirstWPF", "FirstWPF\FirstWPF.csproj", "{A8510B47-B03B-45E6-B2EE-DF35E2EE7592}"
EndProject
Project("{9A19103F-16F7-4668-BE54-9A1E7A4F7556}") = "Calculator", "Calculator\Calculator.csproj", "{17EE6D73-6537-4AC7-A63F-5959A5A5FF11}"
EndProject
Project("{9A19103F-16F7-4668-BE54-9A1E7A4F7556}") = "DesktopContactsApp", "DesktopContactsApp\DesktopContactsApp.csproj", "{7F04D7CF-BE4F-439B-A004-3FF10A9C936F}"
EndProject
Project("{9A19103F-16F7-4668-BE54-9A1E7A4F7556}") = "FoodAI", "FoodAI\FoodAI.csproj", "{3F7E3C80-894A-48C0-A9C5-197881F4DD80}"
EndProject
Project("{9A19103F-16F7-4668-BE54-9A1E7A4F7556}") = "WeatherApp", "WeatherApp\WeatherApp.csproj", "{C41E09DA-7476-4D26-83EE-90FFC7AC3FC2}"
EndProject
Project("{FAE04EC0-301F-11D3-BF4B-00C04F79EFBC}") = "EvernoteClone", "EvernoteClone\EvernoteClone.csproj", "{0E938248-DC8D-41AA-9202-F65F48E42D8E}"
EndProject
Global
	GlobalSection(SolutionConfigurationPlatforms) = preSolution
		Debug|Any CPU = Debug|Any CPU
		Release|Any CPU = Release|Any CPU
	EndGlobalSection
	GlobalSection(ProjectConfigurationPlatforms) = postSolution
		{A8510B47-B03B-45E6-B2EE-DF35E2EE7592}.Debug|Any CPU.ActiveCfg = Debug|Any CPU
		{A8510B47-B03B-45E6-B2EE-DF35E2EE7592}.Debug|Any CPU.Build.0 = Debug|Any CPU
		{A8510B47-B03B-45E6-B2EE-DF35E2EE7592}.Release|Any CPU.ActiveCfg = Release|Any CPU
		{A8510B47-B03B-45E6-B2EE-DF35E2EE7592}.Release|Any CPU.Build.0 = Release|Any CPU
		{17EE6D73-6537-4AC7-A63F-5959A5A5FF11}.Debug|Any CPU.ActiveCfg = Debug|Any CPU
		{17EE6D73-6537-4AC7-A63F-5959A5A5FF11}.Debug|Any CPU.Build.0 = Debug|Any CPU
		{17EE6D73-6537-4AC7-A63F-5959A5A5FF11}.Release|Any CPU.ActiveCfg = Release|Any CPU
		{17EE6D73-6537-4AC7-A63F-5959A5A5FF11}.Release|Any CPU.Build.0 = Release|Any CPU
		{7F04D7CF-BE4F-439B-A004-3FF10A9C936F}.Debug|Any CPU.ActiveCfg = Debug|Any CPU
		{7F04D7CF-BE4F-439B-A004-3FF10A9C936F}.Debug|Any CPU.Build.0 = Debug|Any CPU
		{7F04D7CF-BE4F-439B-A004-3FF10A9C936F}.Release|Any CPU.ActiveCfg = Release|Any CPU
		{7F04D7CF-BE4F-439B-A004-3FF10A9C936F}.Release|Any CPU.Build.0 = Release|Any CPU
		{3F7E3C80-894A-48C0-A9C5-197881F4DD80}.Debug|Any CPU.ActiveCfg = Debug|Any CPU
		{3F7E3C80-894A-48C0-A9C5-197881F4DD80}.Debug|Any CPU.Build.0 = Debug|Any CPU
		{3F7E3C80-894A-48C0-A9C5-197881F4DD80}.Release|Any CPU.ActiveCfg = Release|Any CPU
		{3F7E3C80-894A-48C0-A9C5-197881F4DD80}.Release|Any CPU.Build.0 = Release|Any CPU
		{C41E09DA-7476-4D26-83EE-90FFC7AC3FC2}.Debug|Any CPU.ActiveCfg = Debug|Any CPU
		{C41E09DA-7476-4D26-83EE-90FFC7AC3FC2}.Debug|Any CPU.Build.0 = Debug|Any CPU
		{C41E09DA-7476-4D26-83EE-90FFC7AC3FC2}.Release|Any CPU.ActiveCfg = Release|Any CPU
		{C41E09DA-7476-4D26-83EE-90FFC7AC3FC2}.Release|Any CPU.Build.0 = Release|Any CPU
		{0E938248-DC8D-41AA-9202-F65F48E42D8E}.Debug|Any CPU.ActiveCfg = Debug|Any CPU
		{0E938248-DC8D-41AA-9202-F65F48E42D8E}.Debug|Any CPU.Build.0 = Debug|Any CPU
		{0E938248-DC8D-41AA-9202-F65F48E42D8E}.Release|Any CPU.ActiveCfg = Release|Any CPU
		{0E938248-DC8D-41AA-9202-F65F48E42D8E}.Release|Any CPU.Build.0 = Release|Any CPU
	EndGlobalSection
	GlobalSection(SolutionProperties) = preSolution
		HideSolutionNode = FALSE
	EndGlobalSection
	GlobalSection(ExtensibilityGlobals) = postSolution
		SolutionGuid = {37183E16-C10C-429F-93FE-7CBAC19A4BA2}
	EndGlobalSection
EndGlobal
