
Microsoft Visual Studio Solution File, Format Version 12.00
# Visual Studio Version 17
VisualStudioVersion = 17.0.31919.166
MinimumVisualStudioVersion = 10.0.40219.1
Project("{FAE04EC0-301F-11D3-BF4B-00C04F79EFBC}") = "TDD.Test", "TDD.Test\TDD.Test.csproj", "{50B7D6E4-6DE3-4EB8-ADAC-90686154DABF}"
EndProject
Project("{FAE04EC0-301F-11D3-BF4B-00C04F79EFBC}") = "TDD.Classes", "TDD.Classes\TDD.Classes.csproj", "{CD092D6F-455F-4856-AB96-CA8B23B43FF4}"
EndProject
Project("{FAE04EC0-301F-11D3-BF4B-00C04F79EFBC}") = "TDD.ConsoleApp", "TDD.ConsoleApp\TDD.ConsoleApp.csproj", "{947A04A2-181B-4311-BA3D-34B3C7A65E42}"
EndProject
Global
	GlobalSection(SolutionConfigurationPlatforms) = preSolution
		Debug|Any CPU = Debug|Any CPU
		Release|Any CPU = Release|Any CPU
	EndGlobalSection
	GlobalSection(ProjectConfigurationPlatforms) = postSolution
		{50B7D6E4-6DE3-4EB8-ADAC-90686154DABF}.Debug|Any CPU.ActiveCfg = Debug|Any CPU
		{50B7D6E4-6DE3-4EB8-ADAC-90686154DABF}.Debug|Any CPU.Build.0 = Debug|Any CPU
		{50B7D6E4-6DE3-4EB8-ADAC-90686154DABF}.Release|Any CPU.ActiveCfg = Release|Any CPU
		{50B7D6E4-6DE3-4EB8-ADAC-90686154DABF}.Release|Any CPU.Build.0 = Release|Any CPU
		{CD092D6F-455F-4856-AB96-CA8B23B43FF4}.Debug|Any CPU.ActiveCfg = Debug|Any CPU
		{CD092D6F-455F-4856-AB96-CA8B23B43FF4}.Debug|Any CPU.Build.0 = Debug|Any CPU
		{CD092D6F-455F-4856-AB96-CA8B23B43FF4}.Release|Any CPU.ActiveCfg = Release|Any CPU
		{CD092D6F-455F-4856-AB96-CA8B23B43FF4}.Release|Any CPU.Build.0 = Release|Any CPU
		{947A04A2-181B-4311-BA3D-34B3C7A65E42}.Debug|Any CPU.ActiveCfg = Debug|Any CPU
		{947A04A2-181B-4311-BA3D-34B3C7A65E42}.Debug|Any CPU.Build.0 = Debug|Any CPU
		{947A04A2-181B-4311-BA3D-34B3C7A65E42}.Release|Any CPU.ActiveCfg = Release|Any CPU
		{947A04A2-181B-4311-BA3D-34B3C7A65E42}.Release|Any CPU.Build.0 = Release|Any CPU
	EndGlobalSection
	GlobalSection(SolutionProperties) = preSolution
		HideSolutionNode = FALSE
	EndGlobalSection
	GlobalSection(ExtensibilityGlobals) = postSolution
		SolutionGuid = {941E9D42-A1ED-4F43-962A-EB1C4F45DEBE}
	EndGlobalSection
EndGlobal
