
Microsoft Visual Studio Solution File, Format Version 12.00
# Visual Studio Version 17
VisualStudioVersion = 17.1.31903.286
MinimumVisualStudioVersion = 10.0.40219.1
Project("{FAE04EC0-301F-11D3-BF4B-00C04F79EFBC}") = "BankApp", "BankApp\BankApp.csproj", "{797ADFC5-D6DA-4E4F-B977-9C8C3A8B3936}"
EndProject
Global
	GlobalSection(SolutionConfigurationPlatforms) = preSolution
		Debug|Any CPU = Debug|Any CPU
		Release|Any CPU = Release|Any CPU
	EndGlobalSection
	GlobalSection(ProjectConfigurationPlatforms) = postSolution
		{797ADFC5-D6DA-4E4F-B977-9C8C3A8B3936}.Debug|Any CPU.ActiveCfg = Debug|Any CPU
		{797ADFC5-D6DA-4E4F-B977-9C8C3A8B3936}.Debug|Any CPU.Build.0 = Debug|Any CPU
		{797ADFC5-D6DA-4E4F-B977-9C8C3A8B3936}.Release|Any CPU.ActiveCfg = Release|Any CPU
		{797ADFC5-D6DA-4E4F-B977-9C8C3A8B3936}.Release|Any CPU.Build.0 = Release|Any CPU
	EndGlobalSection
	GlobalSection(SolutionProperties) = preSolution
		HideSolutionNode = FALSE
	EndGlobalSection
	GlobalSection(ExtensibilityGlobals) = postSolution
		SolutionGuid = {8F35124D-BAE2-4104-867C-79918665AB33}
	EndGlobalSection
EndGlobal
