
Microsoft Visual Studio Solution File, Format Version 12.00
# Visual Studio Version 17
VisualStudioVersion = 17.1.32228.430
MinimumVisualStudioVersion = 10.0.40219.1
Project("{FAE04EC0-301F-11D3-BF4B-00C04F79EFBC}") = "EXO_01.Android", "EXO_01\EXO_01.Android\EXO_01.Android.csproj", "{BB490063-2D3A-4FBB-9A89-54E0BE500A0C}"
EndProject
Project("{9A19103F-16F7-4668-BE54-9A1E7A4F7556}") = "EXO_01", "EXO_01\EXO_01\EXO_01.csproj", "{2AFD0833-937E-4E4B-A5F4-A0447707917E}"
EndProject
Project("{FAE04EC0-301F-11D3-BF4B-00C04F79EFBC}") = "EXO_02.Android", "EXO_02\EXO_02.Android\EXO_02.Android.csproj", "{4DEA20F1-4B0B-433B-AC04-775EDF7C30EA}"
EndProject
Project("{9A19103F-16F7-4668-BE54-9A1E7A4F7556}") = "EXO_02", "EXO_02\EXO_02\EXO_02.csproj", "{3C5EC826-0ED3-4EF5-93B2-8A61871A8E53}"
EndProject
Project("{FAE04EC0-301F-11D3-BF4B-00C04F79EFBC}") = "EXO_03.Android", "EXO_03\EXO_03.Android\EXO_03.Android.csproj", "{5D7CCC10-813F-491F-836A-8E6215AAA8D3}"
EndProject
Project("{FAE04EC0-301F-11D3-BF4B-00C04F79EFBC}") = "EXO_03", "EXO_03\EXO_03\EXO_03.csproj", "{4C688EA2-DE3C-49BB-B774-A7E6BFE09CD4}"
EndProject
Global
	GlobalSection(SolutionConfigurationPlatforms) = preSolution
		Debug|Any CPU = Debug|Any CPU
		Debug|iPhone = Debug|iPhone
		Debug|iPhoneSimulator = Debug|iPhoneSimulator
		Release|Any CPU = Release|Any CPU
		Release|iPhone = Release|iPhone
		Release|iPhoneSimulator = Release|iPhoneSimulator
	EndGlobalSection
	GlobalSection(ProjectConfigurationPlatforms) = postSolution
		{BB490063-2D3A-4FBB-9A89-54E0BE500A0C}.Debug|Any CPU.ActiveCfg = Debug|Any CPU
		{BB490063-2D3A-4FBB-9A89-54E0BE500A0C}.Debug|Any CPU.Build.0 = Debug|Any CPU
		{BB490063-2D3A-4FBB-9A89-54E0BE500A0C}.Debug|Any CPU.Deploy.0 = Debug|Any CPU
		{BB490063-2D3A-4FBB-9A89-54E0BE500A0C}.Debug|iPhone.ActiveCfg = Debug|Any CPU
		{BB490063-2D3A-4FBB-9A89-54E0BE500A0C}.Debug|iPhone.Build.0 = Debug|Any CPU
		{BB490063-2D3A-4FBB-9A89-54E0BE500A0C}.Debug|iPhone.Deploy.0 = Debug|Any CPU
		{BB490063-2D3A-4FBB-9A89-54E0BE500A0C}.Debug|iPhoneSimulator.ActiveCfg = Debug|Any CPU
		{BB490063-2D3A-4FBB-9A89-54E0BE500A0C}.Debug|iPhoneSimulator.Build.0 = Debug|Any CPU
		{BB490063-2D3A-4FBB-9A89-54E0BE500A0C}.Debug|iPhoneSimulator.Deploy.0 = Debug|Any CPU
		{BB490063-2D3A-4FBB-9A89-54E0BE500A0C}.Release|Any CPU.ActiveCfg = Release|Any CPU
		{BB490063-2D3A-4FBB-9A89-54E0BE500A0C}.Release|Any CPU.Build.0 = Release|Any CPU
		{BB490063-2D3A-4FBB-9A89-54E0BE500A0C}.Release|Any CPU.Deploy.0 = Release|Any CPU
		{BB490063-2D3A-4FBB-9A89-54E0BE500A0C}.Release|iPhone.ActiveCfg = Release|Any CPU
		{BB490063-2D3A-4FBB-9A89-54E0BE500A0C}.Release|iPhone.Build.0 = Release|Any CPU
		{BB490063-2D3A-4FBB-9A89-54E0BE500A0C}.Release|iPhone.Deploy.0 = Release|Any CPU
		{BB490063-2D3A-4FBB-9A89-54E0BE500A0C}.Release|iPhoneSimulator.ActiveCfg = Release|Any CPU
		{BB490063-2D3A-4FBB-9A89-54E0BE500A0C}.Release|iPhoneSimulator.Build.0 = Release|Any CPU
		{BB490063-2D3A-4FBB-9A89-54E0BE500A0C}.Release|iPhoneSimulator.Deploy.0 = Release|Any CPU
		{2AFD0833-937E-4E4B-A5F4-A0447707917E}.Debug|Any CPU.ActiveCfg = Debug|Any CPU
		{2AFD0833-937E-4E4B-A5F4-A0447707917E}.Debug|Any CPU.Build.0 = Debug|Any CPU
		{2AFD0833-937E-4E4B-A5F4-A0447707917E}.Debug|Any CPU.Deploy.0 = Debug|Any CPU
		{2AFD0833-937E-4E4B-A5F4-A0447707917E}.Debug|iPhone.ActiveCfg = Debug|Any CPU
		{2AFD0833-937E-4E4B-A5F4-A0447707917E}.Debug|iPhone.Build.0 = Debug|Any CPU
		{2AFD0833-937E-4E4B-A5F4-A0447707917E}.Debug|iPhone.Deploy.0 = Debug|Any CPU
		{2AFD0833-937E-4E4B-A5F4-A0447707917E}.Debug|iPhoneSimulator.ActiveCfg = Debug|Any CPU
		{2AFD0833-937E-4E4B-A5F4-A0447707917E}.Debug|iPhoneSimulator.Build.0 = Debug|Any CPU
		{2AFD0833-937E-4E4B-A5F4-A0447707917E}.Debug|iPhoneSimulator.Deploy.0 = Debug|Any CPU
		{2AFD0833-937E-4E4B-A5F4-A0447707917E}.Release|Any CPU.ActiveCfg = Release|Any CPU
		{2AFD0833-937E-4E4B-A5F4-A0447707917E}.Release|Any CPU.Build.0 = Release|Any CPU
		{2AFD0833-937E-4E4B-A5F4-A0447707917E}.Release|Any CPU.Deploy.0 = Release|Any CPU
		{2AFD0833-937E-4E4B-A5F4-A0447707917E}.Release|iPhone.ActiveCfg = Release|Any CPU
		{2AFD0833-937E-4E4B-A5F4-A0447707917E}.Release|iPhone.Build.0 = Release|Any CPU
		{2AFD0833-937E-4E4B-A5F4-A0447707917E}.Release|iPhone.Deploy.0 = Release|Any CPU
		{2AFD0833-937E-4E4B-A5F4-A0447707917E}.Release|iPhoneSimulator.ActiveCfg = Release|Any CPU
		{2AFD0833-937E-4E4B-A5F4-A0447707917E}.Release|iPhoneSimulator.Build.0 = Release|Any CPU
		{2AFD0833-937E-4E4B-A5F4-A0447707917E}.Release|iPhoneSimulator.Deploy.0 = Release|Any CPU
		{4DEA20F1-4B0B-433B-AC04-775EDF7C30EA}.Debug|Any CPU.ActiveCfg = Debug|Any CPU
		{4DEA20F1-4B0B-433B-AC04-775EDF7C30EA}.Debug|Any CPU.Build.0 = Debug|Any CPU
		{4DEA20F1-4B0B-433B-AC04-775EDF7C30EA}.Debug|Any CPU.Deploy.0 = Debug|Any CPU
		{4DEA20F1-4B0B-433B-AC04-775EDF7C30EA}.Debug|iPhone.ActiveCfg = Debug|Any CPU
		{4DEA20F1-4B0B-433B-AC04-775EDF7C30EA}.Debug|iPhone.Build.0 = Debug|Any CPU
		{4DEA20F1-4B0B-433B-AC04-775EDF7C30EA}.Debug|iPhone.Deploy.0 = Debug|Any CPU
		{4DEA20F1-4B0B-433B-AC04-775EDF7C30EA}.Debug|iPhoneSimulator.ActiveCfg = Debug|Any CPU
		{4DEA20F1-4B0B-433B-AC04-775EDF7C30EA}.Debug|iPhoneSimulator.Build.0 = Debug|Any CPU
		{4DEA20F1-4B0B-433B-AC04-775EDF7C30EA}.Debug|iPhoneSimulator.Deploy.0 = Debug|Any CPU
		{4DEA20F1-4B0B-433B-AC04-775EDF7C30EA}.Release|Any CPU.ActiveCfg = Release|Any CPU
		{4DEA20F1-4B0B-433B-AC04-775EDF7C30EA}.Release|Any CPU.Build.0 = Release|Any CPU
		{4DEA20F1-4B0B-433B-AC04-775EDF7C30EA}.Release|Any CPU.Deploy.0 = Release|Any CPU
		{4DEA20F1-4B0B-433B-AC04-775EDF7C30EA}.Release|iPhone.ActiveCfg = Release|Any CPU
		{4DEA20F1-4B0B-433B-AC04-775EDF7C30EA}.Release|iPhone.Build.0 = Release|Any CPU
		{4DEA20F1-4B0B-433B-AC04-775EDF7C30EA}.Release|iPhone.Deploy.0 = Release|Any CPU
		{4DEA20F1-4B0B-433B-AC04-775EDF7C30EA}.Release|iPhoneSimulator.ActiveCfg = Release|Any CPU
		{4DEA20F1-4B0B-433B-AC04-775EDF7C30EA}.Release|iPhoneSimulator.Build.0 = Release|Any CPU
		{4DEA20F1-4B0B-433B-AC04-775EDF7C30EA}.Release|iPhoneSimulator.Deploy.0 = Release|Any CPU
		{3C5EC826-0ED3-4EF5-93B2-8A61871A8E53}.Debug|Any CPU.ActiveCfg = Debug|Any CPU
		{3C5EC826-0ED3-4EF5-93B2-8A61871A8E53}.Debug|Any CPU.Build.0 = Debug|Any CPU
		{3C5EC826-0ED3-4EF5-93B2-8A61871A8E53}.Debug|iPhone.ActiveCfg = Debug|Any CPU
		{3C5EC826-0ED3-4EF5-93B2-8A61871A8E53}.Debug|iPhone.Build.0 = Debug|Any CPU
		{3C5EC826-0ED3-4EF5-93B2-8A61871A8E53}.Debug|iPhoneSimulator.ActiveCfg = Debug|Any CPU
		{3C5EC826-0ED3-4EF5-93B2-8A61871A8E53}.Debug|iPhoneSimulator.Build.0 = Debug|Any CPU
		{3C5EC826-0ED3-4EF5-93B2-8A61871A8E53}.Release|Any CPU.ActiveCfg = Release|Any CPU
		{3C5EC826-0ED3-4EF5-93B2-8A61871A8E53}.Release|Any CPU.Build.0 = Release|Any CPU
		{3C5EC826-0ED3-4EF5-93B2-8A61871A8E53}.Release|iPhone.ActiveCfg = Release|Any CPU
		{3C5EC826-0ED3-4EF5-93B2-8A61871A8E53}.Release|iPhone.Build.0 = Release|Any CPU
		{3C5EC826-0ED3-4EF5-93B2-8A61871A8E53}.Release|iPhoneSimulator.ActiveCfg = Release|Any CPU
		{3C5EC826-0ED3-4EF5-93B2-8A61871A8E53}.Release|iPhoneSimulator.Build.0 = Release|Any CPU
		{5D7CCC10-813F-491F-836A-8E6215AAA8D3}.Debug|Any CPU.ActiveCfg = Debug|Any CPU
		{5D7CCC10-813F-491F-836A-8E6215AAA8D3}.Debug|Any CPU.Build.0 = Debug|Any CPU
		{5D7CCC10-813F-491F-836A-8E6215AAA8D3}.Debug|Any CPU.Deploy.0 = Debug|Any CPU
		{5D7CCC10-813F-491F-836A-8E6215AAA8D3}.Debug|iPhone.ActiveCfg = Debug|Any CPU
		{5D7CCC10-813F-491F-836A-8E6215AAA8D3}.Debug|iPhone.Build.0 = Debug|Any CPU
		{5D7CCC10-813F-491F-836A-8E6215AAA8D3}.Debug|iPhone.Deploy.0 = Debug|Any CPU
		{5D7CCC10-813F-491F-836A-8E6215AAA8D3}.Debug|iPhoneSimulator.ActiveCfg = Debug|Any CPU
		{5D7CCC10-813F-491F-836A-8E6215AAA8D3}.Debug|iPhoneSimulator.Build.0 = Debug|Any CPU
		{5D7CCC10-813F-491F-836A-8E6215AAA8D3}.Debug|iPhoneSimulator.Deploy.0 = Debug|Any CPU
		{5D7CCC10-813F-491F-836A-8E6215AAA8D3}.Release|Any CPU.ActiveCfg = Release|Any CPU
		{5D7CCC10-813F-491F-836A-8E6215AAA8D3}.Release|Any CPU.Build.0 = Release|Any CPU
		{5D7CCC10-813F-491F-836A-8E6215AAA8D3}.Release|Any CPU.Deploy.0 = Release|Any CPU
		{5D7CCC10-813F-491F-836A-8E6215AAA8D3}.Release|iPhone.ActiveCfg = Release|Any CPU
		{5D7CCC10-813F-491F-836A-8E6215AAA8D3}.Release|iPhone.Build.0 = Release|Any CPU
		{5D7CCC10-813F-491F-836A-8E6215AAA8D3}.Release|iPhone.Deploy.0 = Release|Any CPU
		{5D7CCC10-813F-491F-836A-8E6215AAA8D3}.Release|iPhoneSimulator.ActiveCfg = Release|Any CPU
		{5D7CCC10-813F-491F-836A-8E6215AAA8D3}.Release|iPhoneSimulator.Build.0 = Release|Any CPU
		{5D7CCC10-813F-491F-836A-8E6215AAA8D3}.Release|iPhoneSimulator.Deploy.0 = Release|Any CPU
		{4C688EA2-DE3C-49BB-B774-A7E6BFE09CD4}.Debug|Any CPU.ActiveCfg = Debug|Any CPU
		{4C688EA2-DE3C-49BB-B774-A7E6BFE09CD4}.Debug|Any CPU.Build.0 = Debug|Any CPU
		{4C688EA2-DE3C-49BB-B774-A7E6BFE09CD4}.Debug|iPhone.ActiveCfg = Debug|Any CPU
		{4C688EA2-DE3C-49BB-B774-A7E6BFE09CD4}.Debug|iPhone.Build.0 = Debug|Any CPU
		{4C688EA2-DE3C-49BB-B774-A7E6BFE09CD4}.Debug|iPhoneSimulator.ActiveCfg = Debug|Any CPU
		{4C688EA2-DE3C-49BB-B774-A7E6BFE09CD4}.Debug|iPhoneSimulator.Build.0 = Debug|Any CPU
		{4C688EA2-DE3C-49BB-B774-A7E6BFE09CD4}.Release|Any CPU.ActiveCfg = Release|Any CPU
		{4C688EA2-DE3C-49BB-B774-A7E6BFE09CD4}.Release|Any CPU.Build.0 = Release|Any CPU
		{4C688EA2-DE3C-49BB-B774-A7E6BFE09CD4}.Release|iPhone.ActiveCfg = Release|Any CPU
		{4C688EA2-DE3C-49BB-B774-A7E6BFE09CD4}.Release|iPhone.Build.0 = Release|Any CPU
		{4C688EA2-DE3C-49BB-B774-A7E6BFE09CD4}.Release|iPhoneSimulator.ActiveCfg = Release|Any CPU
		{4C688EA2-DE3C-49BB-B774-A7E6BFE09CD4}.Release|iPhoneSimulator.Build.0 = Release|Any CPU
	EndGlobalSection
	GlobalSection(SolutionProperties) = preSolution
		HideSolutionNode = FALSE
	EndGlobalSection
	GlobalSection(ExtensibilityGlobals) = postSolution
		SolutionGuid = {A752FCE0-58AF-462D-8AA7-2BE7A26A8FA7}
	EndGlobalSection
EndGlobal
